// !$*UTF8*$!
{
	archiveVersion = 1;
	classes = {
	};
	objectVersion = 46;
	objects = {

/* Begin PBXBuildFile section */
		A906AAC513938F05004AC152 /* Waldo.vim in Resources */ = {isa = PBXBuildFile; fileRef = A906AAC413938F05004AC152 /* Waldo.vim */; };
		A9079107139323BC00E2993A /* Sparkle.framework in Frameworks */ = {isa = PBXBuildFile; fileRef = A9079106139323BC00E2993A /* Sparkle.framework */; };
		A90791091393242300E2993A /* Sparkle.framework in CopyFiles */ = {isa = PBXBuildFile; fileRef = A9079106139323BC00E2993A /* Sparkle.framework */; };
		A907910B1393265F00E2993A /* dsa_pub.pem in Resources */ = {isa = PBXBuildFile; fileRef = A907910A1393265F00E2993A /* dsa_pub.pem */; };
		A9105FFB137D8624005E57AD /* Cocoa.framework in Frameworks */ = {isa = PBXBuildFile; fileRef = A9105FFA137D8624005E57AD /* Cocoa.framework */; };
		A9105FFD137D8624005E57AD /* MacRuby.framework in Frameworks */ = {isa = PBXBuildFile; fileRef = A9105FFC137D8624005E57AD /* MacRuby.framework */; };
		A9106004137D8624005E57AD /* InfoPlist.strings in Resources */ = {isa = PBXBuildFile; fileRef = A9106002137D8624005E57AD /* InfoPlist.strings */; };
		A9106007137D8624005E57AD /* main.m in Sources */ = {isa = PBXBuildFile; fileRef = A9106006137D8624005E57AD /* main.m */; };
		A910600B137D8624005E57AD /* MainMenu.xib in Resources */ = {isa = PBXBuildFile; fileRef = A9106009137D8624005E57AD /* MainMenu.xib */; };
		A910600E137D8624005E57AD /* rb_main.rb in Resources */ = {isa = PBXBuildFile; fileRef = A910600D137D8624005E57AD /* rb_main.rb */; };
		A91C5D29137D8B8A00512CF1 /* AckWindow.xib in Resources */ = {isa = PBXBuildFile; fileRef = A91C5D28137D8B8A00512CF1 /* AckWindow.xib */; };
		A98DD6761391D63900A5785B /* MatchedFile.rb in Resources */ = {isa = PBXBuildFile; fileRef = A98DD6741391D63900A5785B /* MatchedFile.rb */; };
		A98DD6771391D63900A5785B /* MatchedLine.rb in Resources */ = {isa = PBXBuildFile; fileRef = A98DD6751391D63900A5785B /* MatchedLine.rb */; };
		A98DD67B1391D64400A5785B /* AckTableViewController.rb in Resources */ = {isa = PBXBuildFile; fileRef = A98DD6781391D64400A5785B /* AckTableViewController.rb */; };
		A98DD67C1391D64400A5785B /* AckWindowController.rb in Resources */ = {isa = PBXBuildFile; fileRef = A98DD6791391D64400A5785B /* AckWindowController.rb */; };
		A98DD67D1391D64400A5785B /* AppDelegate.rb in Resources */ = {isa = PBXBuildFile; fileRef = A98DD67A1391D64400A5785B /* AppDelegate.rb */; };
		A9929A0213989CF800322834 /* jsctags in Resources */ = {isa = PBXBuildFile; fileRef = A9929A0113989CF800322834 /* jsctags */; };
		A9929A041398A31600322834 /* node-64 in Resources */ = {isa = PBXBuildFile; fileRef = A9929A031398A31600322834 /* node-64 */; };
		A992A0AA1398A78700322834 /* index.js in CopyFiles */ = {isa = PBXBuildFile; fileRef = A9929F8F1398A74A00322834 /* index.js */; };
		A992A0AB1398A78700322834 /* interp-old.js in CopyFiles */ = {isa = PBXBuildFile; fileRef = A9929F901398A74A00322834 /* interp-old.js */; };
		A992A0AC1398A78700322834 /* interp.js in CopyFiles */ = {isa = PBXBuildFile; fileRef = A9929F911398A74A00322834 /* interp.js */; };
		A992A0AD1398A78700322834 /* nativefn.js in CopyFiles */ = {isa = PBXBuildFile; fileRef = A9929F921398A74A00322834 /* nativefn.js */; };
		A992A0AE1398A78700322834 /* reader.js in CopyFiles */ = {isa = PBXBuildFile; fileRef = A9929F931398A74A00322834 /* reader.js */; };
		A992A0AF1398A78700322834 /* writer.js in CopyFiles */ = {isa = PBXBuildFile; fileRef = A9929F941398A74A00322834 /* writer.js */; };
		A992A0B11398A7A500322834 /* getopt.js in CopyFiles */ = {isa = PBXBuildFile; fileRef = A9929F951398A74A00322834 /* getopt.js */; };
		A992A0B21398A7A500322834 /* jstypes.html in CopyFiles */ = {isa = PBXBuildFile; fileRef = A9929F961398A74A00322834 /* jstypes.html */; };
		A992A0B31398A7A500322834 /* jstypes.js in CopyFiles */ = {isa = PBXBuildFile; fileRef = A9929F971398A74A00322834 /* jstypes.js */; };
		A992A0B41398A7A500322834 /* log.js in CopyFiles */ = {isa = PBXBuildFile; fileRef = A9929F981398A74A00322834 /* log.js */; };
		A992A0B51398A7A500322834 /* paperboy.js in CopyFiles */ = {isa = PBXBuildFile; fileRef = A992A0A61398A74A00322834 /* paperboy.js */; };
		A992A0B61398A7A500322834 /* servetypes.js in CopyFiles */ = {isa = PBXBuildFile; fileRef = A992A0A71398A74A00322834 /* servetypes.js */; };
		A992A0B71398A7A500322834 /* traits.js in CopyFiles */ = {isa = PBXBuildFile; fileRef = A992A0A81398A74A00322834 /* traits.js */; };
		A992A0B81398A7A500322834 /* underscore.js in CopyFiles */ = {isa = PBXBuildFile; fileRef = A992A0A91398A74A00322834 /* underscore.js */; };
		A992A0BA1398A7B900322834 /* index.js in CopyFiles */ = {isa = PBXBuildFile; fileRef = A9929F9A1398A74A00322834 /* index.js */; };
		A992A0BB1398A7B900322834 /* jscfa.js in CopyFiles */ = {isa = PBXBuildFile; fileRef = A9929F9B1398A74A00322834 /* jscfa.js */; };
		A992A0BC1398A7B900322834 /* jsdefs.js in CopyFiles */ = {isa = PBXBuildFile; fileRef = A9929F9C1398A74A00322834 /* jsdefs.js */; };
		A992A0BD1398A7B900322834 /* jslex.js in CopyFiles */ = {isa = PBXBuildFile; fileRef = A9929F9D1398A74A00322834 /* jslex.js */; };
		A992A0BE1398A7B900322834 /* jsparse.js in CopyFiles */ = {isa = PBXBuildFile; fileRef = A9929F9E1398A74A00322834 /* jsparse.js */; };
		A9F3BDD2139182A800A4E5C6 /* ack in Resources */ = {isa = PBXBuildFile; fileRef = A9F3BDD1139182A800A4E5C6 /* ack */; };
/* End PBXBuildFile section */

/* Begin PBXCopyFilesBuildPhase section */
		A9079108139323F800E2993A /* CopyFiles */ = {
			isa = PBXCopyFilesBuildPhase;
			buildActionMask = 2147483647;
			dstPath = "";
			dstSubfolderSpec = 10;
			files = (
				A90791091393242300E2993A /* Sparkle.framework in CopyFiles */,
			);
			runOnlyForDeploymentPostprocessing = 0;
		};
		A9929E711398A6C900322834 /* CopyFiles */ = {
			isa = PBXCopyFilesBuildPhase;
			buildActionMask = 12;
			dstPath = ctags;
			dstSubfolderSpec = 7;
			files = (
				A992A0AA1398A78700322834 /* index.js in CopyFiles */,
				A992A0AB1398A78700322834 /* interp-old.js in CopyFiles */,
				A992A0AC1398A78700322834 /* interp.js in CopyFiles */,
				A992A0AD1398A78700322834 /* nativefn.js in CopyFiles */,
				A992A0AE1398A78700322834 /* reader.js in CopyFiles */,
				A992A0AF1398A78700322834 /* writer.js in CopyFiles */,
			);
			runOnlyForDeploymentPostprocessing = 0;
		};
		A992A0B01398A78F00322834 /* CopyFiles */ = {
			isa = PBXCopyFilesBuildPhase;
			buildActionMask = 2147483647;
			dstPath = "";
			dstSubfolderSpec = 7;
			files = (
				A992A0B11398A7A500322834 /* getopt.js in CopyFiles */,
				A992A0B21398A7A500322834 /* jstypes.html in CopyFiles */,
				A992A0B31398A7A500322834 /* jstypes.js in CopyFiles */,
				A992A0B41398A7A500322834 /* log.js in CopyFiles */,
				A992A0B51398A7A500322834 /* paperboy.js in CopyFiles */,
				A992A0B61398A7A500322834 /* servetypes.js in CopyFiles */,
				A992A0B71398A7A500322834 /* traits.js in CopyFiles */,
				A992A0B81398A7A500322834 /* underscore.js in CopyFiles */,
			);
			runOnlyForDeploymentPostprocessing = 0;
		};
		A992A0B91398A7A800322834 /* CopyFiles */ = {
			isa = PBXCopyFilesBuildPhase;
			buildActionMask = 2147483647;
			dstPath = narcissus;
			dstSubfolderSpec = 7;
			files = (
				A992A0BA1398A7B900322834 /* index.js in CopyFiles */,
				A992A0BB1398A7B900322834 /* jscfa.js in CopyFiles */,
				A992A0BC1398A7B900322834 /* jsdefs.js in CopyFiles */,
				A992A0BD1398A7B900322834 /* jslex.js in CopyFiles */,
				A992A0BE1398A7B900322834 /* jsparse.js in CopyFiles */,
			);
			runOnlyForDeploymentPostprocessing = 0;
		};
/* End PBXCopyFilesBuildPhase section */

/* Begin PBXFileReference section */
		A906AAC413938F05004AC152 /* Waldo.vim */ = {isa = PBXFileReference; fileEncoding = 4; lastKnownFileType = text; path = Waldo.vim; sourceTree = SOURCE_ROOT; };
		A9079106139323BC00E2993A /* Sparkle.framework */ = {isa = PBXFileReference; lastKnownFileType = wrapper.framework; path = Sparkle.framework; sourceTree = "<group>"; };
		A907910A1393265F00E2993A /* dsa_pub.pem */ = {isa = PBXFileReference; fileEncoding = 4; lastKnownFileType = text; path = dsa_pub.pem; sourceTree = "<group>"; };
		A9105FF6137D8624005E57AD /* Waldo.app */ = {isa = PBXFileReference; explicitFileType = wrapper.application; includeInIndex = 0; path = Waldo.app; sourceTree = BUILT_PRODUCTS_DIR; };
		A9105FFA137D8624005E57AD /* Cocoa.framework */ = {isa = PBXFileReference; lastKnownFileType = wrapper.framework; name = Cocoa.framework; path = System/Library/Frameworks/Cocoa.framework; sourceTree = SDKROOT; };
		A9105FFC137D8624005E57AD /* MacRuby.framework */ = {isa = PBXFileReference; lastKnownFileType = wrapper.framework; name = MacRuby.framework; path = System/Library/Frameworks/MacRuby.framework; sourceTree = SDKROOT; };
		A9106001137D8624005E57AD /* Waldo-Info.plist */ = {isa = PBXFileReference; lastKnownFileType = text.plist.xml; path = "Waldo-Info.plist"; sourceTree = "<group>"; };
		A9106003137D8624005E57AD /* en */ = {isa = PBXFileReference; lastKnownFileType = text.plist.strings; name = en; path = en.lproj/InfoPlist.strings; sourceTree = "<group>"; };
		A9106005137D8624005E57AD /* Waldo-Prefix.pch */ = {isa = PBXFileReference; lastKnownFileType = sourcecode.c.h; path = "Waldo-Prefix.pch"; sourceTree = "<group>"; };
		A9106006137D8624005E57AD /* main.m */ = {isa = PBXFileReference; lastKnownFileType = sourcecode.c.objc; path = main.m; sourceTree = "<group>"; };
		A910600A137D8624005E57AD /* en */ = {isa = PBXFileReference; lastKnownFileType = file.xib; name = en; path = en.lproj/MainMenu.xib; sourceTree = "<group>"; };
		A910600D137D8624005E57AD /* rb_main.rb */ = {isa = PBXFileReference; lastKnownFileType = text.script.ruby; path = rb_main.rb; sourceTree = "<group>"; };
		A91C5D28137D8B8A00512CF1 /* AckWindow.xib */ = {isa = PBXFileReference; fileEncoding = 4; lastKnownFileType = file.xib; path = AckWindow.xib; sourceTree = "<group>"; };
		A98DD6741391D63900A5785B /* MatchedFile.rb */ = {isa = PBXFileReference; fileEncoding = 4; lastKnownFileType = text.script.ruby; name = MatchedFile.rb; path = Classes/MatchedFile.rb; sourceTree = "<group>"; };
		A98DD6751391D63900A5785B /* MatchedLine.rb */ = {isa = PBXFileReference; fileEncoding = 4; lastKnownFileType = text.script.ruby; name = MatchedLine.rb; path = Classes/MatchedLine.rb; sourceTree = "<group>"; };
		A98DD6781391D64400A5785B /* AckTableViewController.rb */ = {isa = PBXFileReference; fileEncoding = 4; lastKnownFileType = text.script.ruby; name = AckTableViewController.rb; path = Classes/AckTableViewController.rb; sourceTree = "<group>"; };
		A98DD6791391D64400A5785B /* AckWindowController.rb */ = {isa = PBXFileReference; fileEncoding = 4; lastKnownFileType = text.script.ruby; name = AckWindowController.rb; path = Classes/AckWindowController.rb; sourceTree = "<group>"; };
		A98DD67A1391D64400A5785B /* AppDelegate.rb */ = {isa = PBXFileReference; fileEncoding = 4; lastKnownFileType = text.script.ruby; name = AppDelegate.rb; path = Classes/AppDelegate.rb; sourceTree = "<group>"; };
		A9929A0113989CF800322834 /* jsctags */ = {isa = PBXFileReference; fileEncoding = 4; lastKnownFileType = text; path = jsctags; sourceTree = "<group>"; };
		A9929A031398A31600322834 /* node-64 */ = {isa = PBXFileReference; lastKnownFileType = "compiled.mach-o.executable"; path = "node-64"; sourceTree = "<group>"; };
		A9929F8F1398A74A00322834 /* index.js */ = {isa = PBXFileReference; lastKnownFileType = sourcecode.javascript; path = index.js; sourceTree = "<group>"; };
		A9929F901398A74A00322834 /* interp-old.js */ = {isa = PBXFileReference; lastKnownFileType = sourcecode.javascript; path = "interp-old.js"; sourceTree = "<group>"; };
		A9929F911398A74A00322834 /* interp.js */ = {isa = PBXFileReference; lastKnownFileType = sourcecode.javascript; path = interp.js; sourceTree = "<group>"; };
		A9929F921398A74A00322834 /* nativefn.js */ = {isa = PBXFileReference; lastKnownFileType = sourcecode.javascript; path = nativefn.js; sourceTree = "<group>"; };
		A9929F931398A74A00322834 /* reader.js */ = {isa = PBXFileReference; lastKnownFileType = sourcecode.javascript; path = reader.js; sourceTree = "<group>"; };
		A9929F941398A74A00322834 /* writer.js */ = {isa = PBXFileReference; lastKnownFileType = sourcecode.javascript; path = writer.js; sourceTree = "<group>"; };
		A9929F951398A74A00322834 /* getopt.js */ = {isa = PBXFileReference; lastKnownFileType = sourcecode.javascript; path = getopt.js; sourceTree = "<group>"; };
		A9929F961398A74A00322834 /* jstypes.html */ = {isa = PBXFileReference; lastKnownFileType = text.html; path = jstypes.html; sourceTree = "<group>"; };
		A9929F971398A74A00322834 /* jstypes.js */ = {isa = PBXFileReference; lastKnownFileType = sourcecode.javascript; path = jstypes.js; sourceTree = "<group>"; };
		A9929F981398A74A00322834 /* log.js */ = {isa = PBXFileReference; lastKnownFileType = sourcecode.javascript; path = log.js; sourceTree = "<group>"; };
		A9929F9A1398A74A00322834 /* index.js */ = {isa = PBXFileReference; lastKnownFileType = sourcecode.javascript; path = index.js; sourceTree = "<group>"; };
		A9929F9B1398A74A00322834 /* jscfa.js */ = {isa = PBXFileReference; lastKnownFileType = sourcecode.javascript; path = jscfa.js; sourceTree = "<group>"; };
		A9929F9C1398A74A00322834 /* jsdefs.js */ = {isa = PBXFileReference; lastKnownFileType = sourcecode.javascript; path = jsdefs.js; sourceTree = "<group>"; };
		A9929F9D1398A74A00322834 /* jslex.js */ = {isa = PBXFileReference; lastKnownFileType = sourcecode.javascript; path = jslex.js; sourceTree = "<group>"; };
		A9929F9E1398A74A00322834 /* jsparse.js */ = {isa = PBXFileReference; lastKnownFileType = sourcecode.javascript; path = jsparse.js; sourceTree = "<group>"; };
		A9929F9F1398A74A00322834 /* nonterms.txt */ = {isa = PBXFileReference; lastKnownFileType = text; path = nonterms.txt; sourceTree = "<group>"; };
		A9929FA01398A74A00322834 /* run-tests */ = {isa = PBXFileReference; lastKnownFileType = text.script.sh; path = "run-tests"; sourceTree = "<group>"; };
		A9929FA11398A74A00322834 /* run-tests.js */ = {isa = PBXFileReference; lastKnownFileType = sourcecode.javascript; path = "run-tests.js"; sourceTree = "<group>"; };
		A9929FA31398A74A00322834 /* check-3d-cube.js */ = {isa = PBXFileReference; lastKnownFileType = sourcecode.javascript; path = "check-3d-cube.js"; sourceTree = "<group>"; };
		A9929FA41398A74A00322834 /* check-3d-cube.tags */ = {isa = PBXFileReference; lastKnownFileType = text; path = "check-3d-cube.tags"; sourceTree = "<group>"; };
		A9929FA51398A74A00322834 /* check-3d-morph.js */ = {isa = PBXFileReference; lastKnownFileType = sourcecode.javascript; path = "check-3d-morph.js"; sourceTree = "<group>"; };
		A9929FA61398A74A00322834 /* check-3d-morph.tags */ = {isa = PBXFileReference; lastKnownFileType = text; path = "check-3d-morph.tags"; sourceTree = "<group>"; };
		A9929FA71398A74A00322834 /* check-3d-raytrace.js */ = {isa = PBXFileReference; lastKnownFileType = sourcecode.javascript; path = "check-3d-raytrace.js"; sourceTree = "<group>"; };
		A9929FA81398A74A00322834 /* check-3d-raytrace.tags */ = {isa = PBXFileReference; lastKnownFileType = text; path = "check-3d-raytrace.tags"; sourceTree = "<group>"; };
		A9929FA91398A74A00322834 /* check-access-binary-trees.js */ = {isa = PBXFileReference; lastKnownFileType = sourcecode.javascript; path = "check-access-binary-trees.js"; sourceTree = "<group>"; };
		A9929FAA1398A74A00322834 /* check-access-binary-trees.tags */ = {isa = PBXFileReference; lastKnownFileType = text; path = "check-access-binary-trees.tags"; sourceTree = "<group>"; };
		A9929FAB1398A74A00322834 /* check-access-fannkuch.js */ = {isa = PBXFileReference; lastKnownFileType = sourcecode.javascript; path = "check-access-fannkuch.js"; sourceTree = "<group>"; };
		A9929FAC1398A74A00322834 /* check-access-fannkuch.tags */ = {isa = PBXFileReference; lastKnownFileType = text; path = "check-access-fannkuch.tags"; sourceTree = "<group>"; };
		A9929FAD1398A74A00322834 /* check-access-nbody.js */ = {isa = PBXFileReference; lastKnownFileType = sourcecode.javascript; path = "check-access-nbody.js"; sourceTree = "<group>"; };
		A9929FAE1398A74A00322834 /* check-access-nbody.tags */ = {isa = PBXFileReference; lastKnownFileType = text; path = "check-access-nbody.tags"; sourceTree = "<group>"; };
		A9929FAF1398A74A00322834 /* check-access-nsieve.js */ = {isa = PBXFileReference; lastKnownFileType = sourcecode.javascript; path = "check-access-nsieve.js"; sourceTree = "<group>"; };
		A9929FB01398A74A00322834 /* check-access-nsieve.tags */ = {isa = PBXFileReference; lastKnownFileType = text; path = "check-access-nsieve.tags"; sourceTree = "<group>"; };
		A9929FB11398A74A00322834 /* check-bitops-3bit-bits-in-byte.js */ = {isa = PBXFileReference; lastKnownFileType = sourcecode.javascript; path = "check-bitops-3bit-bits-in-byte.js"; sourceTree = "<group>"; };
		A9929FB21398A74A00322834 /* check-bitops-3bit-bits-in-byte.tags */ = {isa = PBXFileReference; lastKnownFileType = text; path = "check-bitops-3bit-bits-in-byte.tags"; sourceTree = "<group>"; };
		A9929FB31398A74A00322834 /* check-bitops-bits-in-byte.js */ = {isa = PBXFileReference; lastKnownFileType = sourcecode.javascript; path = "check-bitops-bits-in-byte.js"; sourceTree = "<group>"; };
		A9929FB41398A74A00322834 /* check-bitops-bits-in-byte.tags */ = {isa = PBXFileReference; lastKnownFileType = text; path = "check-bitops-bits-in-byte.tags"; sourceTree = "<group>"; };
		A9929FB51398A74A00322834 /* check-bitops-bitwise-and.js */ = {isa = PBXFileReference; lastKnownFileType = sourcecode.javascript; path = "check-bitops-bitwise-and.js"; sourceTree = "<group>"; };
		A9929FB61398A74A00322834 /* check-bitops-bitwise-and.tags */ = {isa = PBXFileReference; lastKnownFileType = text; path = "check-bitops-bitwise-and.tags"; sourceTree = "<group>"; };
		A9929FB71398A74A00322834 /* check-bitops-nsieve-bits.js */ = {isa = PBXFileReference; lastKnownFileType = sourcecode.javascript; path = "check-bitops-nsieve-bits.js"; sourceTree = "<group>"; };
		A9929FB81398A74A00322834 /* check-bitops-nsieve-bits.tags */ = {isa = PBXFileReference; lastKnownFileType = text; path = "check-bitops-nsieve-bits.tags"; sourceTree = "<group>"; };
		A9929FB91398A74A00322834 /* check-controlflow-recursive.js */ = {isa = PBXFileReference; lastKnownFileType = sourcecode.javascript; path = "check-controlflow-recursive.js"; sourceTree = "<group>"; };
		A9929FBA1398A74A00322834 /* check-controlflow-recursive.tags */ = {isa = PBXFileReference; lastKnownFileType = text; path = "check-controlflow-recursive.tags"; sourceTree = "<group>"; };
		A9929FBB1398A74A00322834 /* check-crypto-aes.js */ = {isa = PBXFileReference; lastKnownFileType = sourcecode.javascript; path = "check-crypto-aes.js"; sourceTree = "<group>"; };
		A9929FBC1398A74A00322834 /* check-crypto-aes.tags */ = {isa = PBXFileReference; lastKnownFileType = text; path = "check-crypto-aes.tags"; sourceTree = "<group>"; };
		A9929FBD1398A74A00322834 /* check-crypto-md5.js */ = {isa = PBXFileReference; lastKnownFileType = sourcecode.javascript; path = "check-crypto-md5.js"; sourceTree = "<group>"; };
		A9929FBE1398A74A00322834 /* check-crypto-md5.tags */ = {isa = PBXFileReference; lastKnownFileType = text; path = "check-crypto-md5.tags"; sourceTree = "<group>"; };
		A9929FBF1398A74A00322834 /* check-crypto-sha1.js */ = {isa = PBXFileReference; lastKnownFileType = sourcecode.javascript; path = "check-crypto-sha1.js"; sourceTree = "<group>"; };
		A9929FC01398A74A00322834 /* check-crypto-sha1.tags */ = {isa = PBXFileReference; lastKnownFileType = text; path = "check-crypto-sha1.tags"; sourceTree = "<group>"; };
		A9929FC11398A74A00322834 /* check-date-format-tofte.js */ = {isa = PBXFileReference; lastKnownFileType = sourcecode.javascript; path = "check-date-format-tofte.js"; sourceTree = "<group>"; };
		A9929FC21398A74A00322834 /* check-date-format-tofte.tags */ = {isa = PBXFileReference; lastKnownFileType = text; path = "check-date-format-tofte.tags"; sourceTree = "<group>"; };
		A9929FC31398A74A00322834 /* check-date-format-xparb.js */ = {isa = PBXFileReference; lastKnownFileType = sourcecode.javascript; path = "check-date-format-xparb.js"; sourceTree = "<group>"; };
		A9929FC41398A74A00322834 /* check-date-format-xparb.tags */ = {isa = PBXFileReference; lastKnownFileType = text; path = "check-date-format-xparb.tags"; sourceTree = "<group>"; };
		A9929FC51398A74A00322834 /* check-math-cordic.js */ = {isa = PBXFileReference; lastKnownFileType = sourcecode.javascript; path = "check-math-cordic.js"; sourceTree = "<group>"; };
		A9929FC61398A74A00322834 /* check-math-cordic.tags */ = {isa = PBXFileReference; lastKnownFileType = text; path = "check-math-cordic.tags"; sourceTree = "<group>"; };
		A9929FC71398A74A00322834 /* check-math-partial-sums.js */ = {isa = PBXFileReference; lastKnownFileType = sourcecode.javascript; path = "check-math-partial-sums.js"; sourceTree = "<group>"; };
		A9929FC81398A74A00322834 /* check-math-partial-sums.tags */ = {isa = PBXFileReference; lastKnownFileType = text; path = "check-math-partial-sums.tags"; sourceTree = "<group>"; };
		A9929FC91398A74A00322834 /* check-math-spectral-norm.js */ = {isa = PBXFileReference; lastKnownFileType = sourcecode.javascript; path = "check-math-spectral-norm.js"; sourceTree = "<group>"; };
		A9929FCA1398A74A00322834 /* check-math-spectral-norm.tags */ = {isa = PBXFileReference; lastKnownFileType = text; path = "check-math-spectral-norm.tags"; sourceTree = "<group>"; };
		A9929FCB1398A74A00322834 /* check-mont.js */ = {isa = PBXFileReference; lastKnownFileType = sourcecode.javascript; path = "check-mont.js"; sourceTree = "<group>"; };
		A9929FCC1398A74A00322834 /* check-mont.tags */ = {isa = PBXFileReference; lastKnownFileType = text; path = "check-mont.tags"; sourceTree = "<group>"; };
		A9929FCD1398A74A00322834 /* check-regexp-dna.js */ = {isa = PBXFileReference; lastKnownFileType = sourcecode.javascript; path = "check-regexp-dna.js"; sourceTree = "<group>"; };
		A9929FCE1398A74A00322834 /* check-regexp-dna.tags */ = {isa = PBXFileReference; lastKnownFileType = text; path = "check-regexp-dna.tags"; sourceTree = "<group>"; };
		A9929FCF1398A74A00322834 /* check-string-fasta.js */ = {isa = PBXFileReference; lastKnownFileType = sourcecode.javascript; path = "check-string-fasta.js"; sourceTree = "<group>"; };
		A9929FD01398A74A00322834 /* check-string-fasta.tags */ = {isa = PBXFileReference; lastKnownFileType = text; path = "check-string-fasta.tags"; sourceTree = "<group>"; };
		A9929FD11398A74A00322834 /* check-string-tagcloud.js */ = {isa = PBXFileReference; lastKnownFileType = sourcecode.javascript; path = "check-string-tagcloud.js"; sourceTree = "<group>"; };
		A9929FD21398A74A00322834 /* check-string-tagcloud.tags */ = {isa = PBXFileReference; lastKnownFileType = text; path = "check-string-tagcloud.tags"; sourceTree = "<group>"; };
		A9929FD31398A74A00322834 /* check-string-unpack-code.js */ = {isa = PBXFileReference; lastKnownFileType = sourcecode.javascript; path = "check-string-unpack-code.js"; sourceTree = "<group>"; };
		A9929FD41398A74A00322834 /* check-string-unpack-code.tags */ = {isa = PBXFileReference; lastKnownFileType = text; path = "check-string-unpack-code.tags"; sourceTree = "<group>"; };
		A9929FD51398A74A00322834 /* getctags */ = {isa = PBXFileReference; lastKnownFileType = text.script.sh; path = getctags; sourceTree = "<group>"; };
		A9929FD71398A74A00322834 /* test1.js */ = {isa = PBXFileReference; lastKnownFileType = sourcecode.javascript; path = test1.js; sourceTree = "<group>"; };
		A9929FD81398A74A00322834 /* test10.js */ = {isa = PBXFileReference; lastKnownFileType = sourcecode.javascript; path = test10.js; sourceTree = "<group>"; };
		A9929FD91398A74A00322834 /* test100.js */ = {isa = PBXFileReference; lastKnownFileType = sourcecode.javascript; path = test100.js; sourceTree = "<group>"; };
		A9929FDA1398A74A00322834 /* test101.js */ = {isa = PBXFileReference; lastKnownFileType = sourcecode.javascript; path = test101.js; sourceTree = "<group>"; };
		A9929FDB1398A74A00322834 /* test102.js */ = {isa = PBXFileReference; lastKnownFileType = sourcecode.javascript; path = test102.js; sourceTree = "<group>"; };
		A9929FDC1398A74A00322834 /* test103.js */ = {isa = PBXFileReference; lastKnownFileType = sourcecode.javascript; path = test103.js; sourceTree = "<group>"; };
		A9929FDD1398A74A00322834 /* test104.js */ = {isa = PBXFileReference; lastKnownFileType = sourcecode.javascript; path = test104.js; sourceTree = "<group>"; };
		A9929FDE1398A74A00322834 /* test105.js */ = {isa = PBXFileReference; lastKnownFileType = sourcecode.javascript; path = test105.js; sourceTree = "<group>"; };
		A9929FDF1398A74A00322834 /* test106.js */ = {isa = PBXFileReference; lastKnownFileType = sourcecode.javascript; path = test106.js; sourceTree = "<group>"; };
		A9929FE01398A74A00322834 /* test107.js */ = {isa = PBXFileReference; lastKnownFileType = sourcecode.javascript; path = test107.js; sourceTree = "<group>"; };
		A9929FE11398A74A00322834 /* test108.js */ = {isa = PBXFileReference; lastKnownFileType = sourcecode.javascript; path = test108.js; sourceTree = "<group>"; };
		A9929FE21398A74A00322834 /* test109.js */ = {isa = PBXFileReference; lastKnownFileType = sourcecode.javascript; path = test109.js; sourceTree = "<group>"; };
		A9929FE31398A74A00322834 /* test11.js */ = {isa = PBXFileReference; lastKnownFileType = sourcecode.javascript; path = test11.js; sourceTree = "<group>"; };
		A9929FE41398A74A00322834 /* test110.js */ = {isa = PBXFileReference; lastKnownFileType = sourcecode.javascript; path = test110.js; sourceTree = "<group>"; };
		A9929FE51398A74A00322834 /* test111.js */ = {isa = PBXFileReference; lastKnownFileType = sourcecode.javascript; path = test111.js; sourceTree = "<group>"; };
		A9929FE61398A74A00322834 /* test112.js */ = {isa = PBXFileReference; lastKnownFileType = sourcecode.javascript; path = test112.js; sourceTree = "<group>"; };
		A9929FE71398A74A00322834 /* test113.js */ = {isa = PBXFileReference; lastKnownFileType = sourcecode.javascript; path = test113.js; sourceTree = "<group>"; };
		A9929FE81398A74A00322834 /* test114.js */ = {isa = PBXFileReference; lastKnownFileType = sourcecode.javascript; path = test114.js; sourceTree = "<group>"; };
		A9929FE91398A74A00322834 /* test115.js */ = {isa = PBXFileReference; lastKnownFileType = sourcecode.javascript; path = test115.js; sourceTree = "<group>"; };
		A9929FEA1398A74A00322834 /* test116.js */ = {isa = PBXFileReference; lastKnownFileType = sourcecode.javascript; path = test116.js; sourceTree = "<group>"; };
		A9929FEB1398A74A00322834 /* test117.js */ = {isa = PBXFileReference; lastKnownFileType = sourcecode.javascript; path = test117.js; sourceTree = "<group>"; };
		A9929FEC1398A74A00322834 /* test118.js */ = {isa = PBXFileReference; lastKnownFileType = sourcecode.javascript; path = test118.js; sourceTree = "<group>"; };
		A9929FED1398A74A00322834 /* test119.js */ = {isa = PBXFileReference; lastKnownFileType = sourcecode.javascript; path = test119.js; sourceTree = "<group>"; };
		A9929FEE1398A74A00322834 /* test12.js */ = {isa = PBXFileReference; lastKnownFileType = sourcecode.javascript; path = test12.js; sourceTree = "<group>"; };
		A9929FEF1398A74A00322834 /* test120.js */ = {isa = PBXFileReference; lastKnownFileType = sourcecode.javascript; path = test120.js; sourceTree = "<group>"; };
		A9929FF01398A74A00322834 /* test121.js */ = {isa = PBXFileReference; lastKnownFileType = sourcecode.javascript; path = test121.js; sourceTree = "<group>"; };
		A9929FF11398A74A00322834 /* test122.js */ = {isa = PBXFileReference; lastKnownFileType = sourcecode.javascript; path = test122.js; sourceTree = "<group>"; };
		A9929FF21398A74A00322834 /* test123.js */ = {isa = PBXFileReference; lastKnownFileType = sourcecode.javascript; path = test123.js; sourceTree = "<group>"; };
		A9929FF31398A74A00322834 /* test124.js */ = {isa = PBXFileReference; lastKnownFileType = sourcecode.javascript; path = test124.js; sourceTree = "<group>"; };
		A9929FF41398A74A00322834 /* test125.js */ = {isa = PBXFileReference; lastKnownFileType = sourcecode.javascript; path = test125.js; sourceTree = "<group>"; };
		A9929FF51398A74A00322834 /* test126.js */ = {isa = PBXFileReference; lastKnownFileType = sourcecode.javascript; path = test126.js; sourceTree = "<group>"; };
		A9929FF61398A74A00322834 /* test127.js */ = {isa = PBXFileReference; lastKnownFileType = sourcecode.javascript; path = test127.js; sourceTree = "<group>"; };
		A9929FF71398A74A00322834 /* test128.js */ = {isa = PBXFileReference; lastKnownFileType = sourcecode.javascript; path = test128.js; sourceTree = "<group>"; };
		A9929FF81398A74A00322834 /* test129.js */ = {isa = PBXFileReference; lastKnownFileType = sourcecode.javascript; path = test129.js; sourceTree = "<group>"; };
		A9929FF91398A74A00322834 /* test13.js */ = {isa = PBXFileReference; lastKnownFileType = sourcecode.javascript; path = test13.js; sourceTree = "<group>"; };
		A9929FFA1398A74A00322834 /* test130.js */ = {isa = PBXFileReference; lastKnownFileType = sourcecode.javascript; path = test130.js; sourceTree = "<group>"; };
		A9929FFB1398A74A00322834 /* test131.js */ = {isa = PBXFileReference; lastKnownFileType = sourcecode.javascript; path = test131.js; sourceTree = "<group>"; };
		A9929FFC1398A74A00322834 /* test132.js */ = {isa = PBXFileReference; lastKnownFileType = sourcecode.javascript; path = test132.js; sourceTree = "<group>"; };
		A9929FFD1398A74A00322834 /* test133.js */ = {isa = PBXFileReference; lastKnownFileType = sourcecode.javascript; path = test133.js; sourceTree = "<group>"; };
		A9929FFE1398A74A00322834 /* test134.js */ = {isa = PBXFileReference; lastKnownFileType = sourcecode.javascript; path = test134.js; sourceTree = "<group>"; };
		A9929FFF1398A74A00322834 /* test135.js */ = {isa = PBXFileReference; lastKnownFileType = sourcecode.javascript; path = test135.js; sourceTree = "<group>"; };
		A992A0001398A74A00322834 /* test136.js */ = {isa = PBXFileReference; lastKnownFileType = sourcecode.javascript; path = test136.js; sourceTree = "<group>"; };
		A992A0011398A74A00322834 /* test137.js */ = {isa = PBXFileReference; lastKnownFileType = sourcecode.javascript; path = test137.js; sourceTree = "<group>"; };
		A992A0021398A74A00322834 /* test138.js */ = {isa = PBXFileReference; lastKnownFileType = sourcecode.javascript; path = test138.js; sourceTree = "<group>"; };
		A992A0031398A74A00322834 /* test139.js */ = {isa = PBXFileReference; lastKnownFileType = sourcecode.javascript; path = test139.js; sourceTree = "<group>"; };
		A992A0041398A74A00322834 /* test14.js */ = {isa = PBXFileReference; lastKnownFileType = sourcecode.javascript; path = test14.js; sourceTree = "<group>"; };
		A992A0051398A74A00322834 /* test140.js */ = {isa = PBXFileReference; lastKnownFileType = sourcecode.javascript; path = test140.js; sourceTree = "<group>"; };
		A992A0061398A74A00322834 /* test141.js */ = {isa = PBXFileReference; lastKnownFileType = sourcecode.javascript; path = test141.js; sourceTree = "<group>"; };
		A992A0071398A74A00322834 /* test142.js */ = {isa = PBXFileReference; lastKnownFileType = sourcecode.javascript; path = test142.js; sourceTree = "<group>"; };
		A992A0081398A74A00322834 /* test143.js */ = {isa = PBXFileReference; lastKnownFileType = sourcecode.javascript; path = test143.js; sourceTree = "<group>"; };
		A992A0091398A74A00322834 /* test144.js */ = {isa = PBXFileReference; lastKnownFileType = sourcecode.javascript; path = test144.js; sourceTree = "<group>"; };
		A992A00A1398A74A00322834 /* test145.js */ = {isa = PBXFileReference; lastKnownFileType = sourcecode.javascript; path = test145.js; sourceTree = "<group>"; };
		A992A00B1398A74A00322834 /* test146.js */ = {isa = PBXFileReference; lastKnownFileType = sourcecode.javascript; path = test146.js; sourceTree = "<group>"; };
		A992A00C1398A74A00322834 /* test147.js */ = {isa = PBXFileReference; lastKnownFileType = sourcecode.javascript; path = test147.js; sourceTree = "<group>"; };
		A992A00D1398A74A00322834 /* test148.js */ = {isa = PBXFileReference; lastKnownFileType = sourcecode.javascript; path = test148.js; sourceTree = "<group>"; };
		A992A00E1398A74A00322834 /* test149.js */ = {isa = PBXFileReference; lastKnownFileType = sourcecode.javascript; path = test149.js; sourceTree = "<group>"; };
		A992A00F1398A74A00322834 /* test15.js */ = {isa = PBXFileReference; lastKnownFileType = sourcecode.javascript; path = test15.js; sourceTree = "<group>"; };
		A992A0101398A74A00322834 /* test150.js */ = {isa = PBXFileReference; lastKnownFileType = sourcecode.javascript; path = test150.js; sourceTree = "<group>"; };
		A992A0111398A74A00322834 /* test151.js */ = {isa = PBXFileReference; lastKnownFileType = sourcecode.javascript; path = test151.js; sourceTree = "<group>"; };
		A992A0121398A74A00322834 /* test152.js */ = {isa = PBXFileReference; lastKnownFileType = sourcecode.javascript; path = test152.js; sourceTree = "<group>"; };
		A992A0131398A74A00322834 /* test153.js */ = {isa = PBXFileReference; lastKnownFileType = sourcecode.javascript; path = test153.js; sourceTree = "<group>"; };
		A992A0141398A74A00322834 /* test154.js */ = {isa = PBXFileReference; lastKnownFileType = sourcecode.javascript; path = test154.js; sourceTree = "<group>"; };
		A992A0151398A74A00322834 /* test155.js */ = {isa = PBXFileReference; lastKnownFileType = sourcecode.javascript; path = test155.js; sourceTree = "<group>"; };
		A992A0161398A74A00322834 /* test156.js */ = {isa = PBXFileReference; lastKnownFileType = sourcecode.javascript; path = test156.js; sourceTree = "<group>"; };
		A992A0171398A74A00322834 /* test157.js */ = {isa = PBXFileReference; lastKnownFileType = sourcecode.javascript; path = test157.js; sourceTree = "<group>"; };
		A992A0181398A74A00322834 /* test158.js */ = {isa = PBXFileReference; lastKnownFileType = sourcecode.javascript; path = test158.js; sourceTree = "<group>"; };
		A992A0191398A74A00322834 /* test159.js */ = {isa = PBXFileReference; lastKnownFileType = sourcecode.javascript; path = test159.js; sourceTree = "<group>"; };
		A992A01A1398A74A00322834 /* test16.js */ = {isa = PBXFileReference; lastKnownFileType = sourcecode.javascript; path = test16.js; sourceTree = "<group>"; };
		A992A01B1398A74A00322834 /* test160.js */ = {isa = PBXFileReference; lastKnownFileType = sourcecode.javascript; path = test160.js; sourceTree = "<group>"; };
		A992A01C1398A74A00322834 /* test161.js */ = {isa = PBXFileReference; lastKnownFileType = sourcecode.javascript; path = test161.js; sourceTree = "<group>"; };
		A992A01D1398A74A00322834 /* test162.js */ = {isa = PBXFileReference; lastKnownFileType = sourcecode.javascript; path = test162.js; sourceTree = "<group>"; };
		A992A01E1398A74A00322834 /* test163.js */ = {isa = PBXFileReference; lastKnownFileType = sourcecode.javascript; path = test163.js; sourceTree = "<group>"; };
		A992A01F1398A74A00322834 /* test164.js */ = {isa = PBXFileReference; lastKnownFileType = sourcecode.javascript; path = test164.js; sourceTree = "<group>"; };
		A992A0201398A74A00322834 /* test165.js */ = {isa = PBXFileReference; lastKnownFileType = sourcecode.javascript; path = test165.js; sourceTree = "<group>"; };
		A992A0211398A74A00322834 /* test166.js */ = {isa = PBXFileReference; lastKnownFileType = sourcecode.javascript; path = test166.js; sourceTree = "<group>"; };
		A992A0221398A74A00322834 /* test167.js */ = {isa = PBXFileReference; lastKnownFileType = sourcecode.javascript; path = test167.js; sourceTree = "<group>"; };
		A992A0231398A74A00322834 /* test168.js */ = {isa = PBXFileReference; lastKnownFileType = sourcecode.javascript; path = test168.js; sourceTree = "<group>"; };
		A992A0241398A74A00322834 /* test169.js */ = {isa = PBXFileReference; lastKnownFileType = sourcecode.javascript; path = test169.js; sourceTree = "<group>"; };
		A992A0251398A74A00322834 /* test17.js */ = {isa = PBXFileReference; lastKnownFileType = sourcecode.javascript; path = test17.js; sourceTree = "<group>"; };
		A992A0261398A74A00322834 /* test170.js */ = {isa = PBXFileReference; lastKnownFileType = sourcecode.javascript; path = test170.js; sourceTree = "<group>"; };
		A992A0271398A74A00322834 /* test18.js */ = {isa = PBXFileReference; lastKnownFileType = sourcecode.javascript; path = test18.js; sourceTree = "<group>"; };
		A992A0281398A74A00322834 /* test19.js */ = {isa = PBXFileReference; lastKnownFileType = sourcecode.javascript; path = test19.js; sourceTree = "<group>"; };
		A992A0291398A74A00322834 /* test2.js */ = {isa = PBXFileReference; lastKnownFileType = sourcecode.javascript; path = test2.js; sourceTree = "<group>"; };
		A992A02A1398A74A00322834 /* test20.js */ = {isa = PBXFileReference; lastKnownFileType = sourcecode.javascript; path = test20.js; sourceTree = "<group>"; };
		A992A02B1398A74A00322834 /* test21.js */ = {isa = PBXFileReference; lastKnownFileType = sourcecode.javascript; path = test21.js; sourceTree = "<group>"; };
		A992A02C1398A74A00322834 /* test22.js */ = {isa = PBXFileReference; lastKnownFileType = sourcecode.javascript; path = test22.js; sourceTree = "<group>"; };
		A992A02D1398A74A00322834 /* test23.js */ = {isa = PBXFileReference; lastKnownFileType = sourcecode.javascript; path = test23.js; sourceTree = "<group>"; };
		A992A02E1398A74A00322834 /* test24.js */ = {isa = PBXFileReference; lastKnownFileType = sourcecode.javascript; path = test24.js; sourceTree = "<group>"; };
		A992A02F1398A74A00322834 /* test25.js */ = {isa = PBXFileReference; lastKnownFileType = sourcecode.javascript; path = test25.js; sourceTree = "<group>"; };
		A992A0301398A74A00322834 /* test26.js */ = {isa = PBXFileReference; lastKnownFileType = sourcecode.javascript; path = test26.js; sourceTree = "<group>"; };
		A992A0311398A74A00322834 /* test27.js */ = {isa = PBXFileReference; lastKnownFileType = sourcecode.javascript; path = test27.js; sourceTree = "<group>"; };
		A992A0321398A74A00322834 /* test28.js */ = {isa = PBXFileReference; lastKnownFileType = sourcecode.javascript; path = test28.js; sourceTree = "<group>"; };
		A992A0331398A74A00322834 /* test29.js */ = {isa = PBXFileReference; lastKnownFileType = sourcecode.javascript; path = test29.js; sourceTree = "<group>"; };
		A992A0341398A74A00322834 /* test3.js */ = {isa = PBXFileReference; lastKnownFileType = sourcecode.javascript; path = test3.js; sourceTree = "<group>"; };
		A992A0351398A74A00322834 /* test30.js */ = {isa = PBXFileReference; lastKnownFileType = sourcecode.javascript; path = test30.js; sourceTree = "<group>"; };
		A992A0361398A74A00322834 /* test31.js */ = {isa = PBXFileReference; lastKnownFileType = sourcecode.javascript; path = test31.js; sourceTree = "<group>"; };
		A992A0371398A74A00322834 /* test32.js */ = {isa = PBXFileReference; lastKnownFileType = sourcecode.javascript; path = test32.js; sourceTree = "<group>"; };
		A992A0381398A74A00322834 /* test33.js */ = {isa = PBXFileReference; lastKnownFileType = sourcecode.javascript; path = test33.js; sourceTree = "<group>"; };
		A992A0391398A74A00322834 /* test34.js */ = {isa = PBXFileReference; lastKnownFileType = sourcecode.javascript; path = test34.js; sourceTree = "<group>"; };
		A992A03A1398A74A00322834 /* test35.js */ = {isa = PBXFileReference; lastKnownFileType = sourcecode.javascript; path = test35.js; sourceTree = "<group>"; };
		A992A03B1398A74A00322834 /* test36.js */ = {isa = PBXFileReference; lastKnownFileType = sourcecode.javascript; path = test36.js; sourceTree = "<group>"; };
		A992A03C1398A74A00322834 /* test37.js */ = {isa = PBXFileReference; lastKnownFileType = sourcecode.javascript; path = test37.js; sourceTree = "<group>"; };
		A992A03D1398A74A00322834 /* test38.js */ = {isa = PBXFileReference; lastKnownFileType = sourcecode.javascript; path = test38.js; sourceTree = "<group>"; };
		A992A03E1398A74A00322834 /* test39.js */ = {isa = PBXFileReference; lastKnownFileType = sourcecode.javascript; path = test39.js; sourceTree = "<group>"; };
		A992A03F1398A74A00322834 /* test4.js */ = {isa = PBXFileReference; lastKnownFileType = sourcecode.javascript; path = test4.js; sourceTree = "<group>"; };
		A992A0401398A74A00322834 /* test40.js */ = {isa = PBXFileReference; lastKnownFileType = sourcecode.javascript; path = test40.js; sourceTree = "<group>"; };
		A992A0411398A74A00322834 /* test41.js */ = {isa = PBXFileReference; lastKnownFileType = sourcecode.javascript; path = test41.js; sourceTree = "<group>"; };
		A992A0421398A74A00322834 /* test42.js */ = {isa = PBXFileReference; lastKnownFileType = sourcecode.javascript; path = test42.js; sourceTree = "<group>"; };
		A992A0431398A74A00322834 /* test43.js */ = {isa = PBXFileReference; lastKnownFileType = sourcecode.javascript; path = test43.js; sourceTree = "<group>"; };
		A992A0441398A74A00322834 /* test44.js */ = {isa = PBXFileReference; lastKnownFileType = sourcecode.javascript; path = test44.js; sourceTree = "<group>"; };
		A992A0451398A74A00322834 /* test45.js */ = {isa = PBXFileReference; lastKnownFileType = sourcecode.javascript; path = test45.js; sourceTree = "<group>"; };
		A992A0461398A74A00322834 /* test46.js */ = {isa = PBXFileReference; lastKnownFileType = sourcecode.javascript; path = test46.js; sourceTree = "<group>"; };
		A992A0471398A74A00322834 /* test47.js */ = {isa = PBXFileReference; lastKnownFileType = sourcecode.javascript; path = test47.js; sourceTree = "<group>"; };
		A992A0481398A74A00322834 /* test48.js */ = {isa = PBXFileReference; lastKnownFileType = sourcecode.javascript; path = test48.js; sourceTree = "<group>"; };
		A992A0491398A74A00322834 /* test49.js */ = {isa = PBXFileReference; lastKnownFileType = sourcecode.javascript; path = test49.js; sourceTree = "<group>"; };
		A992A04A1398A74A00322834 /* test5.js */ = {isa = PBXFileReference; lastKnownFileType = sourcecode.javascript; path = test5.js; sourceTree = "<group>"; };
		A992A04B1398A74A00322834 /* test50.js */ = {isa = PBXFileReference; lastKnownFileType = sourcecode.javascript; path = test50.js; sourceTree = "<group>"; };
		A992A04C1398A74A00322834 /* test51.js */ = {isa = PBXFileReference; lastKnownFileType = sourcecode.javascript; path = test51.js; sourceTree = "<group>"; };
		A992A04D1398A74A00322834 /* test52.js */ = {isa = PBXFileReference; lastKnownFileType = sourcecode.javascript; path = test52.js; sourceTree = "<group>"; };
		A992A04E1398A74A00322834 /* test53.js */ = {isa = PBXFileReference; lastKnownFileType = sourcecode.javascript; path = test53.js; sourceTree = "<group>"; };
		A992A04F1398A74A00322834 /* test54.js */ = {isa = PBXFileReference; lastKnownFileType = sourcecode.javascript; path = test54.js; sourceTree = "<group>"; };
		A992A0501398A74A00322834 /* test55.js */ = {isa = PBXFileReference; lastKnownFileType = sourcecode.javascript; path = test55.js; sourceTree = "<group>"; };
		A992A0511398A74A00322834 /* test56.js */ = {isa = PBXFileReference; lastKnownFileType = sourcecode.javascript; path = test56.js; sourceTree = "<group>"; };
		A992A0521398A74A00322834 /* test57.js */ = {isa = PBXFileReference; lastKnownFileType = sourcecode.javascript; path = test57.js; sourceTree = "<group>"; };
		A992A0531398A74A00322834 /* test58.js */ = {isa = PBXFileReference; lastKnownFileType = sourcecode.javascript; path = test58.js; sourceTree = "<group>"; };
		A992A0541398A74A00322834 /* test59.js */ = {isa = PBXFileReference; lastKnownFileType = sourcecode.javascript; path = test59.js; sourceTree = "<group>"; };
		A992A0551398A74A00322834 /* test6.js */ = {isa = PBXFileReference; lastKnownFileType = sourcecode.javascript; path = test6.js; sourceTree = "<group>"; };
		A992A0561398A74A00322834 /* test60.js */ = {isa = PBXFileReference; lastKnownFileType = sourcecode.javascript; path = test60.js; sourceTree = "<group>"; };
		A992A0571398A74A00322834 /* test61.js */ = {isa = PBXFileReference; lastKnownFileType = sourcecode.javascript; path = test61.js; sourceTree = "<group>"; };
		A992A0581398A74A00322834 /* test62.js */ = {isa = PBXFileReference; lastKnownFileType = sourcecode.javascript; path = test62.js; sourceTree = "<group>"; };
		A992A0591398A74A00322834 /* test63.js */ = {isa = PBXFileReference; lastKnownFileType = sourcecode.javascript; path = test63.js; sourceTree = "<group>"; };
		A992A05A1398A74A00322834 /* test64.js */ = {isa = PBXFileReference; lastKnownFileType = sourcecode.javascript; path = test64.js; sourceTree = "<group>"; };
		A992A05B1398A74A00322834 /* test65.js */ = {isa = PBXFileReference; lastKnownFileType = sourcecode.javascript; path = test65.js; sourceTree = "<group>"; };
		A992A05C1398A74A00322834 /* test66.js */ = {isa = PBXFileReference; lastKnownFileType = sourcecode.javascript; path = test66.js; sourceTree = "<group>"; };
		A992A05D1398A74A00322834 /* test67.js */ = {isa = PBXFileReference; lastKnownFileType = sourcecode.javascript; path = test67.js; sourceTree = "<group>"; };
		A992A05E1398A74A00322834 /* test68.js */ = {isa = PBXFileReference; lastKnownFileType = sourcecode.javascript; path = test68.js; sourceTree = "<group>"; };
		A992A05F1398A74A00322834 /* test69.js */ = {isa = PBXFileReference; lastKnownFileType = sourcecode.javascript; path = test69.js; sourceTree = "<group>"; };
		A992A0601398A74A00322834 /* test7.js */ = {isa = PBXFileReference; lastKnownFileType = sourcecode.javascript; path = test7.js; sourceTree = "<group>"; };
		A992A0611398A74A00322834 /* test70.js */ = {isa = PBXFileReference; lastKnownFileType = sourcecode.javascript; path = test70.js; sourceTree = "<group>"; };
		A992A0621398A74A00322834 /* test71.js */ = {isa = PBXFileReference; lastKnownFileType = sourcecode.javascript; path = test71.js; sourceTree = "<group>"; };
		A992A0631398A74A00322834 /* test72.js */ = {isa = PBXFileReference; lastKnownFileType = sourcecode.javascript; path = test72.js; sourceTree = "<group>"; };
		A992A0641398A74A00322834 /* test73.js */ = {isa = PBXFileReference; lastKnownFileType = sourcecode.javascript; path = test73.js; sourceTree = "<group>"; };
		A992A0651398A74A00322834 /* test74.js */ = {isa = PBXFileReference; lastKnownFileType = sourcecode.javascript; path = test74.js; sourceTree = "<group>"; };
		A992A0661398A74A00322834 /* test75.js */ = {isa = PBXFileReference; lastKnownFileType = sourcecode.javascript; path = test75.js; sourceTree = "<group>"; };
		A992A0671398A74A00322834 /* test76.js */ = {isa = PBXFileReference; lastKnownFileType = sourcecode.javascript; path = test76.js; sourceTree = "<group>"; };
		A992A0681398A74A00322834 /* test77.js */ = {isa = PBXFileReference; lastKnownFileType = sourcecode.javascript; path = test77.js; sourceTree = "<group>"; };
		A992A0691398A74A00322834 /* test78.js */ = {isa = PBXFileReference; lastKnownFileType = sourcecode.javascript; path = test78.js; sourceTree = "<group>"; };
		A992A06A1398A74A00322834 /* test79.js */ = {isa = PBXFileReference; lastKnownFileType = sourcecode.javascript; path = test79.js; sourceTree = "<group>"; };
		A992A06B1398A74A00322834 /* test8.js */ = {isa = PBXFileReference; lastKnownFileType = sourcecode.javascript; path = test8.js; sourceTree = "<group>"; };
		A992A06C1398A74A00322834 /* test80.js */ = {isa = PBXFileReference; lastKnownFileType = sourcecode.javascript; path = test80.js; sourceTree = "<group>"; };
		A992A06D1398A74A00322834 /* test81.js */ = {isa = PBXFileReference; lastKnownFileType = sourcecode.javascript; path = test81.js; sourceTree = "<group>"; };
		A992A06E1398A74A00322834 /* test82.js */ = {isa = PBXFileReference; lastKnownFileType = sourcecode.javascript; path = test82.js; sourceTree = "<group>"; };
		A992A06F1398A74A00322834 /* test83.js */ = {isa = PBXFileReference; lastKnownFileType = sourcecode.javascript; path = test83.js; sourceTree = "<group>"; };
		A992A0701398A74A00322834 /* test84.js */ = {isa = PBXFileReference; lastKnownFileType = sourcecode.javascript; path = test84.js; sourceTree = "<group>"; };
		A992A0711398A74A00322834 /* test85.js */ = {isa = PBXFileReference; lastKnownFileType = sourcecode.javascript; path = test85.js; sourceTree = "<group>"; };
		A992A0721398A74A00322834 /* test86.js */ = {isa = PBXFileReference; lastKnownFileType = sourcecode.javascript; path = test86.js; sourceTree = "<group>"; };
		A992A0731398A74A00322834 /* test87.js */ = {isa = PBXFileReference; lastKnownFileType = sourcecode.javascript; path = test87.js; sourceTree = "<group>"; };
		A992A0741398A74A00322834 /* test88.js */ = {isa = PBXFileReference; lastKnownFileType = sourcecode.javascript; path = test88.js; sourceTree = "<group>"; };
		A992A0751398A74A00322834 /* test89.js */ = {isa = PBXFileReference; lastKnownFileType = sourcecode.javascript; path = test89.js; sourceTree = "<group>"; };
		A992A0761398A74A00322834 /* test9.js */ = {isa = PBXFileReference; lastKnownFileType = sourcecode.javascript; path = test9.js; sourceTree = "<group>"; };
		A992A0771398A74A00322834 /* test90.js */ = {isa = PBXFileReference; lastKnownFileType = sourcecode.javascript; path = test90.js; sourceTree = "<group>"; };
		A992A0781398A74A00322834 /* test91.js */ = {isa = PBXFileReference; lastKnownFileType = sourcecode.javascript; path = test91.js; sourceTree = "<group>"; };
		A992A0791398A74A00322834 /* test92.js */ = {isa = PBXFileReference; lastKnownFileType = sourcecode.javascript; path = test92.js; sourceTree = "<group>"; };
		A992A07A1398A74A00322834 /* test93.js */ = {isa = PBXFileReference; lastKnownFileType = sourcecode.javascript; path = test93.js; sourceTree = "<group>"; };
		A992A07B1398A74A00322834 /* test94.js */ = {isa = PBXFileReference; lastKnownFileType = sourcecode.javascript; path = test94.js; sourceTree = "<group>"; };
		A992A07C1398A74A00322834 /* test95.js */ = {isa = PBXFileReference; lastKnownFileType = sourcecode.javascript; path = test95.js; sourceTree = "<group>"; };
		A992A07D1398A74A00322834 /* test96.js */ = {isa = PBXFileReference; lastKnownFileType = sourcecode.javascript; path = test96.js; sourceTree = "<group>"; };
		A992A07E1398A74A00322834 /* test97.js */ = {isa = PBXFileReference; lastKnownFileType = sourcecode.javascript; path = test97.js; sourceTree = "<group>"; };
		A992A07F1398A74A00322834 /* test98.js */ = {isa = PBXFileReference; lastKnownFileType = sourcecode.javascript; path = test98.js; sourceTree = "<group>"; };
		A992A0801398A74A00322834 /* test99.js */ = {isa = PBXFileReference; lastKnownFileType = sourcecode.javascript; path = test99.js; sourceTree = "<group>"; };
		A992A0821398A74A00322834 /* base.js */ = {isa = PBXFileReference; lastKnownFileType = sourcecode.javascript; path = base.js; sourceTree = "<group>"; };
		A992A0831398A74A00322834 /* crypto.js */ = {isa = PBXFileReference; lastKnownFileType = sourcecode.javascript; path = crypto.js; sourceTree = "<group>"; };
		A992A0841398A74A00322834 /* crypto.tags */ = {isa = PBXFileReference; lastKnownFileType = text; path = crypto.tags; sourceTree = "<group>"; };
		A992A0851398A74A00322834 /* deltablue.js */ = {isa = PBXFileReference; lastKnownFileType = sourcecode.javascript; path = deltablue.js; sourceTree = "<group>"; };
		A992A0861398A74A00322834 /* deltablue.tags */ = {isa = PBXFileReference; lastKnownFileType = text; path = deltablue.tags; sourceTree = "<group>"; };
		A992A0871398A74A00322834 /* earley-boyer.js */ = {isa = PBXFileReference; lastKnownFileType = sourcecode.javascript; path = "earley-boyer.js"; sourceTree = "<group>"; };
		A992A0881398A74A00322834 /* earley-boyer.tags */ = {isa = PBXFileReference; lastKnownFileType = text; path = "earley-boyer.tags"; sourceTree = "<group>"; };
		A992A0891398A74A00322834 /* getctags */ = {isa = PBXFileReference; lastKnownFileType = text.script.sh; path = getctags; sourceTree = "<group>"; };
		A992A08B1398A74A00322834 /* base.js */ = {isa = PBXFileReference; lastKnownFileType = sourcecode.javascript; path = base.js; sourceTree = "<group>"; };
		A992A08C1398A74A00322834 /* crypto.js */ = {isa = PBXFileReference; lastKnownFileType = sourcecode.javascript; path = crypto.js; sourceTree = "<group>"; };
		A992A08D1398A74A00322834 /* crypto.tags */ = {isa = PBXFileReference; lastKnownFileType = text; path = crypto.tags; sourceTree = "<group>"; };
		A992A08E1398A74A00322834 /* deltablue.js */ = {isa = PBXFileReference; lastKnownFileType = sourcecode.javascript; path = deltablue.js; sourceTree = "<group>"; };
		A992A08F1398A74A00322834 /* deltablue.tags */ = {isa = PBXFileReference; lastKnownFileType = text; path = deltablue.tags; sourceTree = "<group>"; };
		A992A0901398A74A00322834 /* earley-boyer.js */ = {isa = PBXFileReference; lastKnownFileType = sourcecode.javascript; path = "earley-boyer.js"; sourceTree = "<group>"; };
		A992A0911398A74A00322834 /* earley-boyer.tags */ = {isa = PBXFileReference; lastKnownFileType = text; path = "earley-boyer.tags"; sourceTree = "<group>"; };
		A992A0921398A74A00322834 /* getctags */ = {isa = PBXFileReference; lastKnownFileType = text.script.sh; path = getctags; sourceTree = "<group>"; };
		A992A0931398A74A00322834 /* raytrace.js */ = {isa = PBXFileReference; lastKnownFileType = sourcecode.javascript; path = raytrace.js; sourceTree = "<group>"; };
		A992A0941398A74A00322834 /* raytrace.tags */ = {isa = PBXFileReference; lastKnownFileType = text; path = raytrace.tags; sourceTree = "<group>"; };
		A992A0951398A74A00322834 /* regexp.js */ = {isa = PBXFileReference; lastKnownFileType = sourcecode.javascript; path = regexp.js; sourceTree = "<group>"; };
		A992A0961398A74A00322834 /* regexp.tags */ = {isa = PBXFileReference; lastKnownFileType = text; path = regexp.tags; sourceTree = "<group>"; };
		A992A0971398A74A00322834 /* richards.js */ = {isa = PBXFileReference; lastKnownFileType = sourcecode.javascript; path = richards.js; sourceTree = "<group>"; };
		A992A0981398A74A00322834 /* richards.tags */ = {isa = PBXFileReference; lastKnownFileType = text; path = richards.tags; sourceTree = "<group>"; };
		A992A0991398A74A00322834 /* run.js */ = {isa = PBXFileReference; lastKnownFileType = sourcecode.javascript; path = run.js; sourceTree = "<group>"; };
		A992A09A1398A74A00322834 /* splay.js */ = {isa = PBXFileReference; lastKnownFileType = sourcecode.javascript; path = splay.js; sourceTree = "<group>"; };
		A992A09B1398A74A00322834 /* splay.tags */ = {isa = PBXFileReference; lastKnownFileType = text; path = splay.tags; sourceTree = "<group>"; };
		A992A09C1398A74A00322834 /* raytrace.js */ = {isa = PBXFileReference; lastKnownFileType = sourcecode.javascript; path = raytrace.js; sourceTree = "<group>"; };
		A992A09D1398A74A00322834 /* raytrace.tags */ = {isa = PBXFileReference; lastKnownFileType = text; path = raytrace.tags; sourceTree = "<group>"; };
		A992A09E1398A74A00322834 /* richards.js */ = {isa = PBXFileReference; lastKnownFileType = sourcecode.javascript; path = richards.js; sourceTree = "<group>"; };
		A992A09F1398A74A00322834 /* richards.tags */ = {isa = PBXFileReference; lastKnownFileType = text; path = richards.tags; sourceTree = "<group>"; };
		A992A0A01398A74A00322834 /* run-crypto.js */ = {isa = PBXFileReference; lastKnownFileType = sourcecode.javascript; path = "run-crypto.js"; sourceTree = "<group>"; };
		A992A0A11398A74A00322834 /* run-deltablue.js */ = {isa = PBXFileReference; lastKnownFileType = sourcecode.javascript; path = "run-deltablue.js"; sourceTree = "<group>"; };
		A992A0A21398A74A00322834 /* run-earley-boyer.js */ = {isa = PBXFileReference; lastKnownFileType = sourcecode.javascript; path = "run-earley-boyer.js"; sourceTree = "<group>"; };
		A992A0A31398A74A00322834 /* run-raytrace.js */ = {isa = PBXFileReference; lastKnownFileType = sourcecode.javascript; path = "run-raytrace.js"; sourceTree = "<group>"; };
		A992A0A41398A74A00322834 /* run-richards.js */ = {isa = PBXFileReference; lastKnownFileType = sourcecode.javascript; path = "run-richards.js"; sourceTree = "<group>"; };
		A992A0A51398A74A00322834 /* run.js */ = {isa = PBXFileReference; lastKnownFileType = sourcecode.javascript; path = run.js; sourceTree = "<group>"; };
		A992A0A61398A74A00322834 /* paperboy.js */ = {isa = PBXFileReference; lastKnownFileType = sourcecode.javascript; path = paperboy.js; sourceTree = "<group>"; };
		A992A0A71398A74A00322834 /* servetypes.js */ = {isa = PBXFileReference; lastKnownFileType = sourcecode.javascript; path = servetypes.js; sourceTree = "<group>"; };
		A992A0A81398A74A00322834 /* traits.js */ = {isa = PBXFileReference; lastKnownFileType = sourcecode.javascript; path = traits.js; sourceTree = "<group>"; };
		A992A0A91398A74A00322834 /* underscore.js */ = {isa = PBXFileReference; lastKnownFileType = sourcecode.javascript; path = underscore.js; sourceTree = "<group>"; };
		A9F3BDD1139182A800A4E5C6 /* ack */ = {isa = PBXFileReference; fileEncoding = 4; lastKnownFileType = text; path = ack; sourceTree = "<group>"; };
/* End PBXFileReference section */

/* Begin PBXFrameworksBuildPhase section */
		A9105FF3137D8624005E57AD /* Frameworks */ = {
			isa = PBXFrameworksBuildPhase;
			buildActionMask = 2147483647;
			files = (
				A9105FFB137D8624005E57AD /* Cocoa.framework in Frameworks */,
				A9105FFD137D8624005E57AD /* MacRuby.framework in Frameworks */,
				A9079107139323BC00E2993A /* Sparkle.framework in Frameworks */,
			);
			runOnlyForDeploymentPostprocessing = 0;
		};
/* End PBXFrameworksBuildPhase section */

/* Begin PBXGroup section */
		A9105FEB137D8624005E57AD = {
			isa = PBXGroup;
			children = (
				A9929F8E1398A74A00322834 /* ctags */,
				A9929F951398A74A00322834 /* getopt.js */,
				A9929F961398A74A00322834 /* jstypes.html */,
				A9929F971398A74A00322834 /* jstypes.js */,
				A9929F981398A74A00322834 /* log.js */,
				A9929F991398A74A00322834 /* narcissus */,
				A992A0A61398A74A00322834 /* paperboy.js */,
				A992A0A71398A74A00322834 /* servetypes.js */,
				A992A0A81398A74A00322834 /* traits.js */,
				A9105FFF137D8624005E57AD /* Waldo */,
				A992A0A91398A74A00322834 /* underscore.js */,
				A9105FF9137D8624005E57AD /* Frameworks */,
				A9105FF7137D8624005E57AD /* Products */,
			);
			sourceTree = "<group>";
		};
		A9105FF7137D8624005E57AD /* Products */ = {
			isa = PBXGroup;
			children = (
				A9105FF6137D8624005E57AD /* Waldo.app */,
			);
			name = Products;
			sourceTree = "<group>";
		};
		A9105FF9137D8624005E57AD /* Frameworks */ = {
			isa = PBXGroup;
			children = (
				A9079106139323BC00E2993A /* Sparkle.framework */,
				A9105FFA137D8624005E57AD /* Cocoa.framework */,
				A9105FFC137D8624005E57AD /* MacRuby.framework */,
			);
			name = Frameworks;
			sourceTree = "<group>";
		};
		A9105FFF137D8624005E57AD /* Waldo */ = {
			isa = PBXGroup;
			children = (
				A98DD6731391D4EF00A5785B /* Models */,
				A98DD6721391D4DE00A5785B /* Controllers */,
				A9F3BDD0139182A800A4E5C6 /* bin */,
				A9106008137D8624005E57AD /* Resources */,
				A910600C137D8624005E57AD /* Other Sources */,
				A9106000137D8624005E57AD /* Supporting Files */,
			);
			name = Waldo;
			path = VimAck;
			sourceTree = "<group>";
		};
		A9106000137D8624005E57AD /* Supporting Files */ = {
			isa = PBXGroup;
			children = (
				A9106001137D8624005E57AD /* Waldo-Info.plist */,
				A9106002137D8624005E57AD /* InfoPlist.strings */,
				A9106005137D8624005E57AD /* Waldo-Prefix.pch */,
				A9106006137D8624005E57AD /* main.m */,
			);
			name = "Supporting Files";
			sourceTree = "<group>";
		};
		A9106008137D8624005E57AD /* Resources */ = {
			isa = PBXGroup;
			children = (
				A907910A1393265F00E2993A /* dsa_pub.pem */,
				A906AAC413938F05004AC152 /* Waldo.vim */,
				A9106009137D8624005E57AD /* MainMenu.xib */,
				A91C5D28137D8B8A00512CF1 /* AckWindow.xib */,
			);
			name = Resources;
			sourceTree = "<group>";
		};
		A910600C137D8624005E57AD /* Other Sources */ = {
			isa = PBXGroup;
			children = (
				A910600D137D8624005E57AD /* rb_main.rb */,
			);
			name = "Other Sources";
			sourceTree = "<group>";
		};
		A98DD6721391D4DE00A5785B /* Controllers */ = {
			isa = PBXGroup;
			children = (
				A98DD6781391D64400A5785B /* AckTableViewController.rb */,
				A98DD6791391D64400A5785B /* AckWindowController.rb */,
				A98DD67A1391D64400A5785B /* AppDelegate.rb */,
			);
			name = Controllers;
			sourceTree = "<group>";
		};
		A98DD6731391D4EF00A5785B /* Models */ = {
			isa = PBXGroup;
			children = (
				A98DD6741391D63900A5785B /* MatchedFile.rb */,
				A98DD6751391D63900A5785B /* MatchedLine.rb */,
			);
			name = Models;
			sourceTree = "<group>";
		};
		A9929F8E1398A74A00322834 /* ctags */ = {
			isa = PBXGroup;
			children = (
				A9929F8F1398A74A00322834 /* index.js */,
				A9929F901398A74A00322834 /* interp-old.js */,
				A9929F911398A74A00322834 /* interp.js */,
				A9929F921398A74A00322834 /* nativefn.js */,
				A9929F931398A74A00322834 /* reader.js */,
				A9929F941398A74A00322834 /* writer.js */,
			);
			path = ctags;
			sourceTree = "<group>";
		};
		A9929F991398A74A00322834 /* narcissus */ = {
			isa = PBXGroup;
			children = (
				A9929F9A1398A74A00322834 /* index.js */,
				A9929F9B1398A74A00322834 /* jscfa.js */,
				A9929F9C1398A74A00322834 /* jsdefs.js */,
				A9929F9D1398A74A00322834 /* jslex.js */,
				A9929F9E1398A74A00322834 /* jsparse.js */,
				A9929F9F1398A74A00322834 /* nonterms.txt */,
				A9929FA01398A74A00322834 /* run-tests */,
				A9929FA11398A74A00322834 /* run-tests.js */,
				A9929FA21398A74A00322834 /* sunspider */,
				A9929FD61398A74A00322834 /* tests */,
				A992A0811398A74A00322834 /* v8 */,
			);
			path = narcissus;
			sourceTree = "<group>";
		};
		A9929FA21398A74A00322834 /* sunspider */ = {
			isa = PBXGroup;
			children = (
				A9929FA31398A74A00322834 /* check-3d-cube.js */,
				A9929FA41398A74A00322834 /* check-3d-cube.tags */,
				A9929FA51398A74A00322834 /* check-3d-morph.js */,
				A9929FA61398A74A00322834 /* check-3d-morph.tags */,
				A9929FA71398A74A00322834 /* check-3d-raytrace.js */,
				A9929FA81398A74A00322834 /* check-3d-raytrace.tags */,
				A9929FA91398A74A00322834 /* check-access-binary-trees.js */,
				A9929FAA1398A74A00322834 /* check-access-binary-trees.tags */,
				A9929FAB1398A74A00322834 /* check-access-fannkuch.js */,
				A9929FAC1398A74A00322834 /* check-access-fannkuch.tags */,
				A9929FAD1398A74A00322834 /* check-access-nbody.js */,
				A9929FAE1398A74A00322834 /* check-access-nbody.tags */,
				A9929FAF1398A74A00322834 /* check-access-nsieve.js */,
				A9929FB01398A74A00322834 /* check-access-nsieve.tags */,
				A9929FB11398A74A00322834 /* check-bitops-3bit-bits-in-byte.js */,
				A9929FB21398A74A00322834 /* check-bitops-3bit-bits-in-byte.tags */,
				A9929FB31398A74A00322834 /* check-bitops-bits-in-byte.js */,
				A9929FB41398A74A00322834 /* check-bitops-bits-in-byte.tags */,
				A9929FB51398A74A00322834 /* check-bitops-bitwise-and.js */,
				A9929FB61398A74A00322834 /* check-bitops-bitwise-and.tags */,
				A9929FB71398A74A00322834 /* check-bitops-nsieve-bits.js */,
				A9929FB81398A74A00322834 /* check-bitops-nsieve-bits.tags */,
				A9929FB91398A74A00322834 /* check-controlflow-recursive.js */,
				A9929FBA1398A74A00322834 /* check-controlflow-recursive.tags */,
				A9929FBB1398A74A00322834 /* check-crypto-aes.js */,
				A9929FBC1398A74A00322834 /* check-crypto-aes.tags */,
				A9929FBD1398A74A00322834 /* check-crypto-md5.js */,
				A9929FBE1398A74A00322834 /* check-crypto-md5.tags */,
				A9929FBF1398A74A00322834 /* check-crypto-sha1.js */,
				A9929FC01398A74A00322834 /* check-crypto-sha1.tags */,
				A9929FC11398A74A00322834 /* check-date-format-tofte.js */,
				A9929FC21398A74A00322834 /* check-date-format-tofte.tags */,
				A9929FC31398A74A00322834 /* check-date-format-xparb.js */,
				A9929FC41398A74A00322834 /* check-date-format-xparb.tags */,
				A9929FC51398A74A00322834 /* check-math-cordic.js */,
				A9929FC61398A74A00322834 /* check-math-cordic.tags */,
				A9929FC71398A74A00322834 /* check-math-partial-sums.js */,
				A9929FC81398A74A00322834 /* check-math-partial-sums.tags */,
				A9929FC91398A74A00322834 /* check-math-spectral-norm.js */,
				A9929FCA1398A74A00322834 /* check-math-spectral-norm.tags */,
				A9929FCB1398A74A00322834 /* check-mont.js */,
				A9929FCC1398A74A00322834 /* check-mont.tags */,
				A9929FCD1398A74A00322834 /* check-regexp-dna.js */,
				A9929FCE1398A74A00322834 /* check-regexp-dna.tags */,
				A9929FCF1398A74A00322834 /* check-string-fasta.js */,
				A9929FD01398A74A00322834 /* check-string-fasta.tags */,
				A9929FD11398A74A00322834 /* check-string-tagcloud.js */,
				A9929FD21398A74A00322834 /* check-string-tagcloud.tags */,
				A9929FD31398A74A00322834 /* check-string-unpack-code.js */,
				A9929FD41398A74A00322834 /* check-string-unpack-code.tags */,
				A9929FD51398A74A00322834 /* getctags */,
			);
			path = sunspider;
			sourceTree = "<group>";
		};
		A9929FD61398A74A00322834 /* tests */ = {
			isa = PBXGroup;
			children = (
				A9929FD71398A74A00322834 /* test1.js */,
				A9929FD81398A74A00322834 /* test10.js */,
				A9929FD91398A74A00322834 /* test100.js */,
				A9929FDA1398A74A00322834 /* test101.js */,
				A9929FDB1398A74A00322834 /* test102.js */,
				A9929FDC1398A74A00322834 /* test103.js */,
				A9929FDD1398A74A00322834 /* test104.js */,
				A9929FDE1398A74A00322834 /* test105.js */,
				A9929FDF1398A74A00322834 /* test106.js */,
				A9929FE01398A74A00322834 /* test107.js */,
				A9929FE11398A74A00322834 /* test108.js */,
				A9929FE21398A74A00322834 /* test109.js */,
				A9929FE31398A74A00322834 /* test11.js */,
				A9929FE41398A74A00322834 /* test110.js */,
				A9929FE51398A74A00322834 /* test111.js */,
				A9929FE61398A74A00322834 /* test112.js */,
				A9929FE71398A74A00322834 /* test113.js */,
				A9929FE81398A74A00322834 /* test114.js */,
				A9929FE91398A74A00322834 /* test115.js */,
				A9929FEA1398A74A00322834 /* test116.js */,
				A9929FEB1398A74A00322834 /* test117.js */,
				A9929FEC1398A74A00322834 /* test118.js */,
				A9929FED1398A74A00322834 /* test119.js */,
				A9929FEE1398A74A00322834 /* test12.js */,
				A9929FEF1398A74A00322834 /* test120.js */,
				A9929FF01398A74A00322834 /* test121.js */,
				A9929FF11398A74A00322834 /* test122.js */,
				A9929FF21398A74A00322834 /* test123.js */,
				A9929FF31398A74A00322834 /* test124.js */,
				A9929FF41398A74A00322834 /* test125.js */,
				A9929FF51398A74A00322834 /* test126.js */,
				A9929FF61398A74A00322834 /* test127.js */,
				A9929FF71398A74A00322834 /* test128.js */,
				A9929FF81398A74A00322834 /* test129.js */,
				A9929FF91398A74A00322834 /* test13.js */,
				A9929FFA1398A74A00322834 /* test130.js */,
				A9929FFB1398A74A00322834 /* test131.js */,
				A9929FFC1398A74A00322834 /* test132.js */,
				A9929FFD1398A74A00322834 /* test133.js */,
				A9929FFE1398A74A00322834 /* test134.js */,
				A9929FFF1398A74A00322834 /* test135.js */,
				A992A0001398A74A00322834 /* test136.js */,
				A992A0011398A74A00322834 /* test137.js */,
				A992A0021398A74A00322834 /* test138.js */,
				A992A0031398A74A00322834 /* test139.js */,
				A992A0041398A74A00322834 /* test14.js */,
				A992A0051398A74A00322834 /* test140.js */,
				A992A0061398A74A00322834 /* test141.js */,
				A992A0071398A74A00322834 /* test142.js */,
				A992A0081398A74A00322834 /* test143.js */,
				A992A0091398A74A00322834 /* test144.js */,
				A992A00A1398A74A00322834 /* test145.js */,
				A992A00B1398A74A00322834 /* test146.js */,
				A992A00C1398A74A00322834 /* test147.js */,
				A992A00D1398A74A00322834 /* test148.js */,
				A992A00E1398A74A00322834 /* test149.js */,
				A992A00F1398A74A00322834 /* test15.js */,
				A992A0101398A74A00322834 /* test150.js */,
				A992A0111398A74A00322834 /* test151.js */,
				A992A0121398A74A00322834 /* test152.js */,
				A992A0131398A74A00322834 /* test153.js */,
				A992A0141398A74A00322834 /* test154.js */,
				A992A0151398A74A00322834 /* test155.js */,
				A992A0161398A74A00322834 /* test156.js */,
				A992A0171398A74A00322834 /* test157.js */,
				A992A0181398A74A00322834 /* test158.js */,
				A992A0191398A74A00322834 /* test159.js */,
				A992A01A1398A74A00322834 /* test16.js */,
				A992A01B1398A74A00322834 /* test160.js */,
				A992A01C1398A74A00322834 /* test161.js */,
				A992A01D1398A74A00322834 /* test162.js */,
				A992A01E1398A74A00322834 /* test163.js */,
				A992A01F1398A74A00322834 /* test164.js */,
				A992A0201398A74A00322834 /* test165.js */,
				A992A0211398A74A00322834 /* test166.js */,
				A992A0221398A74A00322834 /* test167.js */,
				A992A0231398A74A00322834 /* test168.js */,
				A992A0241398A74A00322834 /* test169.js */,
				A992A0251398A74A00322834 /* test17.js */,
				A992A0261398A74A00322834 /* test170.js */,
				A992A0271398A74A00322834 /* test18.js */,
				A992A0281398A74A00322834 /* test19.js */,
				A992A0291398A74A00322834 /* test2.js */,
				A992A02A1398A74A00322834 /* test20.js */,
				A992A02B1398A74A00322834 /* test21.js */,
				A992A02C1398A74A00322834 /* test22.js */,
				A992A02D1398A74A00322834 /* test23.js */,
				A992A02E1398A74A00322834 /* test24.js */,
				A992A02F1398A74A00322834 /* test25.js */,
				A992A0301398A74A00322834 /* test26.js */,
				A992A0311398A74A00322834 /* test27.js */,
				A992A0321398A74A00322834 /* test28.js */,
				A992A0331398A74A00322834 /* test29.js */,
				A992A0341398A74A00322834 /* test3.js */,
				A992A0351398A74A00322834 /* test30.js */,
				A992A0361398A74A00322834 /* test31.js */,
				A992A0371398A74A00322834 /* test32.js */,
				A992A0381398A74A00322834 /* test33.js */,
				A992A0391398A74A00322834 /* test34.js */,
				A992A03A1398A74A00322834 /* test35.js */,
				A992A03B1398A74A00322834 /* test36.js */,
				A992A03C1398A74A00322834 /* test37.js */,
				A992A03D1398A74A00322834 /* test38.js */,
				A992A03E1398A74A00322834 /* test39.js */,
				A992A03F1398A74A00322834 /* test4.js */,
				A992A0401398A74A00322834 /* test40.js */,
				A992A0411398A74A00322834 /* test41.js */,
				A992A0421398A74A00322834 /* test42.js */,
				A992A0431398A74A00322834 /* test43.js */,
				A992A0441398A74A00322834 /* test44.js */,
				A992A0451398A74A00322834 /* test45.js */,
				A992A0461398A74A00322834 /* test46.js */,
				A992A0471398A74A00322834 /* test47.js */,
				A992A0481398A74A00322834 /* test48.js */,
				A992A0491398A74A00322834 /* test49.js */,
				A992A04A1398A74A00322834 /* test5.js */,
				A992A04B1398A74A00322834 /* test50.js */,
				A992A04C1398A74A00322834 /* test51.js */,
				A992A04D1398A74A00322834 /* test52.js */,
				A992A04E1398A74A00322834 /* test53.js */,
				A992A04F1398A74A00322834 /* test54.js */,
				A992A0501398A74A00322834 /* test55.js */,
				A992A0511398A74A00322834 /* test56.js */,
				A992A0521398A74A00322834 /* test57.js */,
				A992A0531398A74A00322834 /* test58.js */,
				A992A0541398A74A00322834 /* test59.js */,
				A992A0551398A74A00322834 /* test6.js */,
				A992A0561398A74A00322834 /* test60.js */,
				A992A0571398A74A00322834 /* test61.js */,
				A992A0581398A74A00322834 /* test62.js */,
				A992A0591398A74A00322834 /* test63.js */,
				A992A05A1398A74A00322834 /* test64.js */,
				A992A05B1398A74A00322834 /* test65.js */,
				A992A05C1398A74A00322834 /* test66.js */,
				A992A05D1398A74A00322834 /* test67.js */,
				A992A05E1398A74A00322834 /* test68.js */,
				A992A05F1398A74A00322834 /* test69.js */,
				A992A0601398A74A00322834 /* test7.js */,
				A992A0611398A74A00322834 /* test70.js */,
				A992A0621398A74A00322834 /* test71.js */,
				A992A0631398A74A00322834 /* test72.js */,
				A992A0641398A74A00322834 /* test73.js */,
				A992A0651398A74A00322834 /* test74.js */,
				A992A0661398A74A00322834 /* test75.js */,
				A992A0671398A74A00322834 /* test76.js */,
				A992A0681398A74A00322834 /* test77.js */,
				A992A0691398A74A00322834 /* test78.js */,
				A992A06A1398A74A00322834 /* test79.js */,
				A992A06B1398A74A00322834 /* test8.js */,
				A992A06C1398A74A00322834 /* test80.js */,
				A992A06D1398A74A00322834 /* test81.js */,
				A992A06E1398A74A00322834 /* test82.js */,
				A992A06F1398A74A00322834 /* test83.js */,
				A992A0701398A74A00322834 /* test84.js */,
				A992A0711398A74A00322834 /* test85.js */,
				A992A0721398A74A00322834 /* test86.js */,
				A992A0731398A74A00322834 /* test87.js */,
				A992A0741398A74A00322834 /* test88.js */,
				A992A0751398A74A00322834 /* test89.js */,
				A992A0761398A74A00322834 /* test9.js */,
				A992A0771398A74A00322834 /* test90.js */,
				A992A0781398A74A00322834 /* test91.js */,
				A992A0791398A74A00322834 /* test92.js */,
				A992A07A1398A74A00322834 /* test93.js */,
				A992A07B1398A74A00322834 /* test94.js */,
				A992A07C1398A74A00322834 /* test95.js */,
				A992A07D1398A74A00322834 /* test96.js */,
				A992A07E1398A74A00322834 /* test97.js */,
				A992A07F1398A74A00322834 /* test98.js */,
				A992A0801398A74A00322834 /* test99.js */,
			);
			path = tests;
			sourceTree = "<group>";
		};
		A992A0811398A74A00322834 /* v8 */ = {
			isa = PBXGroup;
			children = (
				A992A0821398A74A00322834 /* base.js */,
				A992A0831398A74A00322834 /* crypto.js */,
				A992A0841398A74A00322834 /* crypto.tags */,
				A992A0851398A74A00322834 /* deltablue.js */,
				A992A0861398A74A00322834 /* deltablue.tags */,
				A992A0871398A74A00322834 /* earley-boyer.js */,
				A992A0881398A74A00322834 /* earley-boyer.tags */,
				A992A0891398A74A00322834 /* getctags */,
				A992A08A1398A74A00322834 /* google */,
				A992A09C1398A74A00322834 /* raytrace.js */,
				A992A09D1398A74A00322834 /* raytrace.tags */,
				A992A09E1398A74A00322834 /* richards.js */,
				A992A09F1398A74A00322834 /* richards.tags */,
				A992A0A01398A74A00322834 /* run-crypto.js */,
				A992A0A11398A74A00322834 /* run-deltablue.js */,
				A992A0A21398A74A00322834 /* run-earley-boyer.js */,
				A992A0A31398A74A00322834 /* run-raytrace.js */,
				A992A0A41398A74A00322834 /* run-richards.js */,
				A992A0A51398A74A00322834 /* run.js */,
			);
			path = v8;
			sourceTree = "<group>";
		};
		A992A08A1398A74A00322834 /* google */ = {
			isa = PBXGroup;
			children = (
				A992A08B1398A74A00322834 /* base.js */,
				A992A08C1398A74A00322834 /* crypto.js */,
				A992A08D1398A74A00322834 /* crypto.tags */,
				A992A08E1398A74A00322834 /* deltablue.js */,
				A992A08F1398A74A00322834 /* deltablue.tags */,
				A992A0901398A74A00322834 /* earley-boyer.js */,
				A992A0911398A74A00322834 /* earley-boyer.tags */,
				A992A0921398A74A00322834 /* getctags */,
				A992A0931398A74A00322834 /* raytrace.js */,
				A992A0941398A74A00322834 /* raytrace.tags */,
				A992A0951398A74A00322834 /* regexp.js */,
				A992A0961398A74A00322834 /* regexp.tags */,
				A992A0971398A74A00322834 /* richards.js */,
				A992A0981398A74A00322834 /* richards.tags */,
				A992A0991398A74A00322834 /* run.js */,
				A992A09A1398A74A00322834 /* splay.js */,
				A992A09B1398A74A00322834 /* splay.tags */,
			);
			path = google;
			sourceTree = "<group>";
		};
		A9F3BDD0139182A800A4E5C6 /* bin */ = {
			isa = PBXGroup;
			children = (
				A9929A0113989CF800322834 /* jsctags */,
				A9929A031398A31600322834 /* node-64 */,
				A9F3BDD1139182A800A4E5C6 /* ack */,
			);
			path = bin;
			sourceTree = "<group>";
		};
/* End PBXGroup section */

/* Begin PBXLegacyTarget section */
		A9105FFE137D8624005E57AD /* Deployment */ = {
			isa = PBXLegacyTarget;
			buildArgumentsString = "--compile --embed";
			buildConfigurationList = A9106016137D8624005E57AD /* Build configuration list for PBXLegacyTarget "Deployment" */;
			buildPhases = (
			);
			buildToolPath = /usr/local/bin/macruby_deploy;
			buildWorkingDirectory = "";
			dependencies = (
			);
			name = Deployment;
			passBuildSettingsInEnvironment = 1;
			productName = Deployment;
		};
/* End PBXLegacyTarget section */

/* Begin PBXNativeTarget section */
		A9105FF5137D8624005E57AD /* Waldo */ = {
			isa = PBXNativeTarget;
			buildConfigurationList = A9106013137D8624005E57AD /* Build configuration list for PBXNativeTarget "Waldo" */;
			buildPhases = (
				A9105FF2137D8624005E57AD /* Sources */,
				A9105FF3137D8624005E57AD /* Frameworks */,
				A9105FF4137D8624005E57AD /* Resources */,
				A9079108139323F800E2993A /* CopyFiles */,
				A9929E711398A6C900322834 /* CopyFiles */,
				A992A0B01398A78F00322834 /* CopyFiles */,
				A992A0B91398A7A800322834 /* CopyFiles */,
			);
			buildRules = (
			);
			dependencies = (
			);
			name = Waldo;
			productName = VimAck;
			productReference = A9105FF6137D8624005E57AD /* Waldo.app */;
			productType = "com.apple.product-type.application";
		};
/* End PBXNativeTarget section */

/* Begin PBXProject section */
		A9105FED137D8624005E57AD /* Project object */ = {
			isa = PBXProject;
			attributes = {
				ORGANIZATIONNAME = "University of Michigan - Dearborn";
			};
			buildConfigurationList = A9105FF0137D8624005E57AD /* Build configuration list for PBXProject "Waldo" */;
			compatibilityVersion = "Xcode 3.2";
			developmentRegion = English;
			hasScannedForEncodings = 0;
			knownRegions = (
				en,
			);
			mainGroup = A9105FEB137D8624005E57AD;
			productRefGroup = A9105FF7137D8624005E57AD /* Products */;
			projectDirPath = "";
			projectRoot = "";
			targets = (
				A9105FF5137D8624005E57AD /* Waldo */,
				A9105FFE137D8624005E57AD /* Deployment */,
			);
		};
/* End PBXProject section */

/* Begin PBXResourcesBuildPhase section */
		A9105FF4137D8624005E57AD /* Resources */ = {
			isa = PBXResourcesBuildPhase;
			buildActionMask = 2147483647;
			files = (
				A9106004137D8624005E57AD /* InfoPlist.strings in Resources */,
				A910600B137D8624005E57AD /* MainMenu.xib in Resources */,
				A910600E137D8624005E57AD /* rb_main.rb in Resources */,
				A91C5D29137D8B8A00512CF1 /* AckWindow.xib in Resources */,
				A9F3BDD2139182A800A4E5C6 /* ack in Resources */,
				A98DD6761391D63900A5785B /* MatchedFile.rb in Resources */,
				A98DD6771391D63900A5785B /* MatchedLine.rb in Resources */,
				A98DD67B1391D64400A5785B /* AckTableViewController.rb in Resources */,
				A98DD67C1391D64400A5785B /* AckWindowController.rb in Resources */,
				A98DD67D1391D64400A5785B /* AppDelegate.rb in Resources */,
				A907910B1393265F00E2993A /* dsa_pub.pem in Resources */,
				A906AAC513938F05004AC152 /* Waldo.vim in Resources */,
				A9929A0213989CF800322834 /* jsctags in Resources */,
				A9929A041398A31600322834 /* node-64 in Resources */,
			);
			runOnlyForDeploymentPostprocessing = 0;
		};
/* End PBXResourcesBuildPhase section */

/* Begin PBXSourcesBuildPhase section */
		A9105FF2137D8624005E57AD /* Sources */ = {
			isa = PBXSourcesBuildPhase;
			buildActionMask = 2147483647;
			files = (
				A9106007137D8624005E57AD /* main.m in Sources */,
			);
			runOnlyForDeploymentPostprocessing = 0;
		};
/* End PBXSourcesBuildPhase section */

/* Begin PBXVariantGroup section */
		A9106002137D8624005E57AD /* InfoPlist.strings */ = {
			isa = PBXVariantGroup;
			children = (
				A9106003137D8624005E57AD /* en */,
			);
			name = InfoPlist.strings;
			sourceTree = "<group>";
		};
		A9106009137D8624005E57AD /* MainMenu.xib */ = {
			isa = PBXVariantGroup;
			children = (
				A910600A137D8624005E57AD /* en */,
			);
			name = MainMenu.xib;
			sourceTree = "<group>";
		};
/* End PBXVariantGroup section */

/* Begin XCBuildConfiguration section */
		A9106011137D8624005E57AD /* Debug */ = {
			isa = XCBuildConfiguration;
			buildSettings = {
				ARCHS = "$(ARCHS_STANDARD_32_64_BIT)";
				GCC_C_LANGUAGE_STANDARD = gnu99;
				GCC_OPTIMIZATION_LEVEL = 0;
				GCC_PREPROCESSOR_DEFINITIONS = DEBUG;
				GCC_SYMBOLS_PRIVATE_EXTERN = NO;
				GCC_VERSION = com.apple.compilers.llvm.clang.1_0;
				GCC_WARN_64_TO_32_BIT_CONVERSION = YES;
				GCC_WARN_ABOUT_RETURN_TYPE = YES;
				GCC_WARN_UNUSED_VARIABLE = YES;
				MACOSX_DEPLOYMENT_TARGET = 10.6;
				ONLY_ACTIVE_ARCH = YES;
				SDKROOT = macosx;
			};
			name = Debug;
		};
		A9106012137D8624005E57AD /* Release */ = {
			isa = XCBuildConfiguration;
			buildSettings = {
				ARCHS = "$(ARCHS_STANDARD_32_64_BIT)";
				GCC_C_LANGUAGE_STANDARD = gnu99;
				GCC_VERSION = com.apple.compilers.llvm.clang.1_0;
				GCC_WARN_64_TO_32_BIT_CONVERSION = YES;
				GCC_WARN_ABOUT_RETURN_TYPE = YES;
				GCC_WARN_UNUSED_VARIABLE = YES;
				MACOSX_DEPLOYMENT_TARGET = 10.6;
				SDKROOT = macosx;
			};
			name = Release;
		};
		A9106014137D8624005E57AD /* Debug */ = {
			isa = XCBuildConfiguration;
			buildSettings = {
				ALWAYS_SEARCH_USER_PATHS = NO;
				COPY_PHASE_STRIP = NO;
				FRAMEWORK_SEARCH_PATHS = (
					"$(inherited)",
					"\"$(SRCROOT)\"",
				);
				GCC_DYNAMIC_NO_PIC = NO;
				GCC_ENABLE_OBJC_EXCEPTIONS = YES;
				GCC_ENABLE_OBJC_GC = required;
				GCC_PRECOMPILE_PREFIX_HEADER = YES;
				GCC_PREFIX_HEADER = "VimAck/Waldo-Prefix.pch";
				INFOPLIST_FILE = "VimAck/Waldo-Info.plist";
				PRODUCT_NAME = Waldo;
				WRAPPER_EXTENSION = app;
			};
			name = Debug;
		};
		A9106015137D8624005E57AD /* Release */ = {
			isa = XCBuildConfiguration;
			buildSettings = {
				ALWAYS_SEARCH_USER_PATHS = NO;
				COPY_PHASE_STRIP = YES;
				DEBUG_INFORMATION_FORMAT = "dwarf-with-dsym";
				FRAMEWORK_SEARCH_PATHS = (
					"$(inherited)",
					"\"$(SRCROOT)\"",
				);
				GCC_ENABLE_OBJC_EXCEPTIONS = YES;
				GCC_ENABLE_OBJC_GC = required;
				GCC_PRECOMPILE_PREFIX_HEADER = YES;
				GCC_PREFIX_HEADER = "VimAck/Waldo-Prefix.pch";
				INFOPLIST_FILE = "VimAck/Waldo-Info.plist";
				PRODUCT_NAME = Waldo;
				WRAPPER_EXTENSION = app;
			};
			name = Release;
		};
		A9106017137D8624005E57AD /* Debug */ = {
			isa = XCBuildConfiguration;
			buildSettings = {
			};
			name = Debug;
		};
		A9106018137D8624005E57AD /* Release */ = {
			isa = XCBuildConfiguration;
			buildSettings = {
			};
			name = Release;
		};
/* End XCBuildConfiguration section */

/* Begin XCConfigurationList section */
		A9105FF0137D8624005E57AD /* Build configuration list for PBXProject "Waldo" */ = {
			isa = XCConfigurationList;
			buildConfigurations = (
				A9106011137D8624005E57AD /* Debug */,
				A9106012137D8624005E57AD /* Release */,
			);
			defaultConfigurationIsVisible = 0;
			defaultConfigurationName = Release;
		};
		A9106013137D8624005E57AD /* Build configuration list for PBXNativeTarget "Waldo" */ = {
			isa = XCConfigurationList;
			buildConfigurations = (
				A9106014137D8624005E57AD /* Debug */,
				A9106015137D8624005E57AD /* Release */,
			);
			defaultConfigurationIsVisible = 0;
			defaultConfigurationName = Release;
		};
		A9106016137D8624005E57AD /* Build configuration list for PBXLegacyTarget "Deployment" */ = {
			isa = XCConfigurationList;
			buildConfigurations = (
				A9106017137D8624005E57AD /* Debug */,
				A9106018137D8624005E57AD /* Release */,
			);
			defaultConfigurationIsVisible = 0;
			defaultConfigurationName = Release;
		};
/* End XCConfigurationList section */
	};
	rootObject = A9105FED137D8624005E57AD /* Project object */;
}
