// !$*UTF8*$!
{
	archiveVersion = 1;
	classes = {
	};
	objectVersion = 46;
	objects = {

/* Begin PBXBuildFile section */
		8D3237F213930D8C0063605F /* VimAck.vim in Resources */ = {isa = PBXBuildFile; fileRef = 8D3237F113930D8C0063605F /* VimAck.vim */; };
		A9105FFB137D8624005E57AD /* Cocoa.framework in Frameworks */ = {isa = PBXBuildFile; fileRef = A9105FFA137D8624005E57AD /* Cocoa.framework */; };
		A9105FFD137D8624005E57AD /* MacRuby.framework in Frameworks */ = {isa = PBXBuildFile; fileRef = A9105FFC137D8624005E57AD /* MacRuby.framework */; };
		A9106004137D8624005E57AD /* InfoPlist.strings in Resources */ = {isa = PBXBuildFile; fileRef = A9106002137D8624005E57AD /* InfoPlist.strings */; };
		A9106007137D8624005E57AD /* main.m in Sources */ = {isa = PBXBuildFile; fileRef = A9106006137D8624005E57AD /* main.m */; };
		A910600B137D8624005E57AD /* MainMenu.xib in Resources */ = {isa = PBXBuildFile; fileRef = A9106009137D8624005E57AD /* MainMenu.xib */; };
		A910600E137D8624005E57AD /* rb_main.rb in Resources */ = {isa = PBXBuildFile; fileRef = A910600D137D8624005E57AD /* rb_main.rb */; };
		A91C5D29137D8B8A00512CF1 /* AckWindow.xib in Resources */ = {isa = PBXBuildFile; fileRef = A91C5D28137D8B8A00512CF1 /* AckWindow.xib */; };
		A98DD6761391D63900A5785B /* MatchedFile.rb in Resources */ = {isa = PBXBuildFile; fileRef = A98DD6741391D63900A5785B /* MatchedFile.rb */; };
		A98DD6771391D63900A5785B /* MatchedLine.rb in Resources */ = {isa = PBXBuildFile; fileRef = A98DD6751391D63900A5785B /* MatchedLine.rb */; };
		A98DD67B1391D64400A5785B /* AckTableViewController.rb in Resources */ = {isa = PBXBuildFile; fileRef = A98DD6781391D64400A5785B /* AckTableViewController.rb */; };
		A98DD67C1391D64400A5785B /* AckWindowController.rb in Resources */ = {isa = PBXBuildFile; fileRef = A98DD6791391D64400A5785B /* AckWindowController.rb */; };
		A98DD67D1391D64400A5785B /* AppDelegate.rb in Resources */ = {isa = PBXBuildFile; fileRef = A98DD67A1391D64400A5785B /* AppDelegate.rb */; };
		A9F3BDD2139182A800A4E5C6 /* ack in Resources */ = {isa = PBXBuildFile; fileRef = A9F3BDD1139182A800A4E5C6 /* ack */; };
/* End PBXBuildFile section */

/* Begin PBXFileReference section */
		8D3237F113930D8C0063605F /* VimAck.vim */ = {isa = PBXFileReference; fileEncoding = 4; lastKnownFileType = text; path = VimAck.vim; sourceTree = SOURCE_ROOT; };
		A9105FF6137D8624005E57AD /* VimAck.app */ = {isa = PBXFileReference; explicitFileType = wrapper.application; includeInIndex = 0; path = VimAck.app; sourceTree = BUILT_PRODUCTS_DIR; };
		A9105FFA137D8624005E57AD /* Cocoa.framework */ = {isa = PBXFileReference; lastKnownFileType = wrapper.framework; name = Cocoa.framework; path = System/Library/Frameworks/Cocoa.framework; sourceTree = SDKROOT; };
		A9105FFC137D8624005E57AD /* MacRuby.framework */ = {isa = PBXFileReference; lastKnownFileType = wrapper.framework; name = MacRuby.framework; path = System/Library/Frameworks/MacRuby.framework; sourceTree = SDKROOT; };
		A9106001137D8624005E57AD /* VimAck-Info.plist */ = {isa = PBXFileReference; lastKnownFileType = text.plist.xml; path = "VimAck-Info.plist"; sourceTree = "<group>"; };
		A9106003137D8624005E57AD /* en */ = {isa = PBXFileReference; lastKnownFileType = text.plist.strings; name = en; path = en.lproj/InfoPlist.strings; sourceTree = "<group>"; };
		A9106005137D8624005E57AD /* VimAck-Prefix.pch */ = {isa = PBXFileReference; lastKnownFileType = sourcecode.c.h; path = "VimAck-Prefix.pch"; sourceTree = "<group>"; };
		A9106006137D8624005E57AD /* main.m */ = {isa = PBXFileReference; lastKnownFileType = sourcecode.c.objc; path = main.m; sourceTree = "<group>"; };
		A910600A137D8624005E57AD /* en */ = {isa = PBXFileReference; lastKnownFileType = file.xib; name = en; path = en.lproj/MainMenu.xib; sourceTree = "<group>"; };
		A910600D137D8624005E57AD /* rb_main.rb */ = {isa = PBXFileReference; lastKnownFileType = text.script.ruby; path = rb_main.rb; sourceTree = "<group>"; };
		A91C5D28137D8B8A00512CF1 /* AckWindow.xib */ = {isa = PBXFileReference; fileEncoding = 4; lastKnownFileType = file.xib; path = AckWindow.xib; sourceTree = "<group>"; };
		A98DD6741391D63900A5785B /* MatchedFile.rb */ = {isa = PBXFileReference; fileEncoding = 4; lastKnownFileType = text.script.ruby; name = MatchedFile.rb; path = Classes/MatchedFile.rb; sourceTree = "<group>"; };
		A98DD6751391D63900A5785B /* MatchedLine.rb */ = {isa = PBXFileReference; fileEncoding = 4; lastKnownFileType = text.script.ruby; name = MatchedLine.rb; path = Classes/MatchedLine.rb; sourceTree = "<group>"; };
		A98DD6781391D64400A5785B /* AckTableViewController.rb */ = {isa = PBXFileReference; fileEncoding = 4; lastKnownFileType = text.script.ruby; name = AckTableViewController.rb; path = Classes/AckTableViewController.rb; sourceTree = "<group>"; };
		A98DD6791391D64400A5785B /* AckWindowController.rb */ = {isa = PBXFileReference; fileEncoding = 4; lastKnownFileType = text.script.ruby; name = AckWindowController.rb; path = Classes/AckWindowController.rb; sourceTree = "<group>"; };
		A98DD67A1391D64400A5785B /* AppDelegate.rb */ = {isa = PBXFileReference; fileEncoding = 4; lastKnownFileType = text.script.ruby; name = AppDelegate.rb; path = Classes/AppDelegate.rb; sourceTree = "<group>"; };
		A9F3BDD1139182A800A4E5C6 /* ack */ = {isa = PBXFileReference; fileEncoding = 4; lastKnownFileType = text; path = ack; sourceTree = "<group>"; };
/* End PBXFileReference section */

/* Begin PBXFrameworksBuildPhase section */
		A9105FF3137D8624005E57AD /* Frameworks */ = {
			isa = PBXFrameworksBuildPhase;
			buildActionMask = 2147483647;
			files = (
				A9105FFB137D8624005E57AD /* Cocoa.framework in Frameworks */,
				A9105FFD137D8624005E57AD /* MacRuby.framework in Frameworks */,
			);
			runOnlyForDeploymentPostprocessing = 0;
		};
/* End PBXFrameworksBuildPhase section */

/* Begin PBXGroup section */
		A9105FEB137D8624005E57AD = {
			isa = PBXGroup;
			children = (
				A9105FFF137D8624005E57AD /* VimAck */,
				A9105FF9137D8624005E57AD /* Frameworks */,
				A9105FF7137D8624005E57AD /* Products */,
			);
			sourceTree = "<group>";
		};
		A9105FF7137D8624005E57AD /* Products */ = {
			isa = PBXGroup;
			children = (
				A9105FF6137D8624005E57AD /* VimAck.app */,
			);
			name = Products;
			sourceTree = "<group>";
		};
		A9105FF9137D8624005E57AD /* Frameworks */ = {
			isa = PBXGroup;
			children = (
				A9105FFA137D8624005E57AD /* Cocoa.framework */,
				A9105FFC137D8624005E57AD /* MacRuby.framework */,
			);
			name = Frameworks;
			sourceTree = "<group>";
		};
		A9105FFF137D8624005E57AD /* VimAck */ = {
			isa = PBXGroup;
			children = (
				A98DD6731391D4EF00A5785B /* Models */,
				A98DD6721391D4DE00A5785B /* Controllers */,
				A9F3BDD0139182A800A4E5C6 /* bin */,
				A9106008137D8624005E57AD /* Resources */,
				A910600C137D8624005E57AD /* Other Sources */,
				A9106000137D8624005E57AD /* Supporting Files */,
			);
			path = VimAck;
			sourceTree = "<group>";
		};
		A9106000137D8624005E57AD /* Supporting Files */ = {
			isa = PBXGroup;
			children = (
				A9106001137D8624005E57AD /* VimAck-Info.plist */,
				A9106002137D8624005E57AD /* InfoPlist.strings */,
				A9106005137D8624005E57AD /* VimAck-Prefix.pch */,
				A9106006137D8624005E57AD /* main.m */,
			);
			name = "Supporting Files";
			sourceTree = "<group>";
		};
		A9106008137D8624005E57AD /* Resources */ = {
			isa = PBXGroup;
			children = (
				8D3237F113930D8C0063605F /* VimAck.vim */,
				A9106009137D8624005E57AD /* MainMenu.xib */,
				A91C5D28137D8B8A00512CF1 /* AckWindow.xib */,
			);
			name = Resources;
			sourceTree = "<group>";
		};
		A910600C137D8624005E57AD /* Other Sources */ = {
			isa = PBXGroup;
			children = (
				A910600D137D8624005E57AD /* rb_main.rb */,
			);
			name = "Other Sources";
			sourceTree = "<group>";
		};
		A98DD6721391D4DE00A5785B /* Controllers */ = {
			isa = PBXGroup;
			children = (
				A98DD6781391D64400A5785B /* AckTableViewController.rb */,
				A98DD6791391D64400A5785B /* AckWindowController.rb */,
				A98DD67A1391D64400A5785B /* AppDelegate.rb */,
			);
			name = Controllers;
			sourceTree = "<group>";
		};
		A98DD6731391D4EF00A5785B /* Models */ = {
			isa = PBXGroup;
			children = (
				A98DD6741391D63900A5785B /* MatchedFile.rb */,
				A98DD6751391D63900A5785B /* MatchedLine.rb */,
			);
			name = Models;
			sourceTree = "<group>";
		};
		A9F3BDD0139182A800A4E5C6 /* bin */ = {
			isa = PBXGroup;
			children = (
				A9F3BDD1139182A800A4E5C6 /* ack */,
			);
			path = bin;
			sourceTree = "<group>";
		};
/* End PBXGroup section */

/* Begin PBXLegacyTarget section */
		A9105FFE137D8624005E57AD /* Deployment */ = {
			isa = PBXLegacyTarget;
			buildArgumentsString = "--compile --embed --no-stdlib";
			buildConfigurationList = A9106016137D8624005E57AD /* Build configuration list for PBXLegacyTarget "Deployment" */;
			buildPhases = (
			);
			buildToolPath = /usr/local/bin/macruby_deploy;
			buildWorkingDirectory = "";
			dependencies = (
			);
			name = Deployment;
			passBuildSettingsInEnvironment = 1;
			productName = Deployment;
		};
/* End PBXLegacyTarget section */

/* Begin PBXNativeTarget section */
		A9105FF5137D8624005E57AD /* VimAck */ = {
			isa = PBXNativeTarget;
			buildConfigurationList = A9106013137D8624005E57AD /* Build configuration list for PBXNativeTarget "VimAck" */;
			buildPhases = (
				A9105FF2137D8624005E57AD /* Sources */,
				A9105FF3137D8624005E57AD /* Frameworks */,
				A9105FF4137D8624005E57AD /* Resources */,
			);
			buildRules = (
			);
			dependencies = (
			);
			name = VimAck;
			productName = VimAck;
			productReference = A9105FF6137D8624005E57AD /* VimAck.app */;
			productType = "com.apple.product-type.application";
		};
/* End PBXNativeTarget section */

/* Begin PBXProject section */
		A9105FED137D8624005E57AD /* Project object */ = {
			isa = PBXProject;
			attributes = {
				ORGANIZATIONNAME = "University of Michigan - Dearborn";
			};
			buildConfigurationList = A9105FF0137D8624005E57AD /* Build configuration list for PBXProject "VimAck" */;
			compatibilityVersion = "Xcode 3.2";
			developmentRegion = English;
			hasScannedForEncodings = 0;
			knownRegions = (
				en,
			);
			mainGroup = A9105FEB137D8624005E57AD;
			productRefGroup = A9105FF7137D8624005E57AD /* Products */;
			projectDirPath = "";
			projectRoot = "";
			targets = (
				A9105FF5137D8624005E57AD /* VimAck */,
				A9105FFE137D8624005E57AD /* Deployment */,
			);
		};
/* End PBXProject section */

/* Begin PBXResourcesBuildPhase section */
		A9105FF4137D8624005E57AD /* Resources */ = {
			isa = PBXResourcesBuildPhase;
			buildActionMask = 2147483647;
			files = (
				A9106004137D8624005E57AD /* InfoPlist.strings in Resources */,
				A910600B137D8624005E57AD /* MainMenu.xib in Resources */,
				A910600E137D8624005E57AD /* rb_main.rb in Resources */,
				A91C5D29137D8B8A00512CF1 /* AckWindow.xib in Resources */,
				A9F3BDD2139182A800A4E5C6 /* ack in Resources */,
				A98DD6761391D63900A5785B /* MatchedFile.rb in Resources */,
				A98DD6771391D63900A5785B /* MatchedLine.rb in Resources */,
				A98DD67B1391D64400A5785B /* AckTableViewController.rb in Resources */,
				A98DD67C1391D64400A5785B /* AckWindowController.rb in Resources */,
				A98DD67D1391D64400A5785B /* AppDelegate.rb in Resources */,
				8D3237F213930D8C0063605F /* VimAck.vim in Resources */,
			);
			runOnlyForDeploymentPostprocessing = 0;
		};
/* End PBXResourcesBuildPhase section */

/* Begin PBXSourcesBuildPhase section */
		A9105FF2137D8624005E57AD /* Sources */ = {
			isa = PBXSourcesBuildPhase;
			buildActionMask = 2147483647;
			files = (
				A9106007137D8624005E57AD /* main.m in Sources */,
			);
			runOnlyForDeploymentPostprocessing = 0;
		};
/* End PBXSourcesBuildPhase section */

/* Begin PBXVariantGroup section */
		A9106002137D8624005E57AD /* InfoPlist.strings */ = {
			isa = PBXVariantGroup;
			children = (
				A9106003137D8624005E57AD /* en */,
			);
			name = InfoPlist.strings;
			sourceTree = "<group>";
		};
		A9106009137D8624005E57AD /* MainMenu.xib */ = {
			isa = PBXVariantGroup;
			children = (
				A910600A137D8624005E57AD /* en */,
			);
			name = MainMenu.xib;
			sourceTree = "<group>";
		};
/* End PBXVariantGroup section */

/* Begin XCBuildConfiguration section */
		A9106011137D8624005E57AD /* Debug */ = {
			isa = XCBuildConfiguration;
			buildSettings = {
				ARCHS = "$(ARCHS_STANDARD_32_64_BIT)";
				GCC_C_LANGUAGE_STANDARD = gnu99;
				GCC_OPTIMIZATION_LEVEL = 0;
				GCC_PREPROCESSOR_DEFINITIONS = DEBUG;
				GCC_SYMBOLS_PRIVATE_EXTERN = NO;
				GCC_VERSION = com.apple.compilers.llvm.clang.1_0;
				GCC_WARN_64_TO_32_BIT_CONVERSION = YES;
				GCC_WARN_ABOUT_RETURN_TYPE = YES;
				GCC_WARN_UNUSED_VARIABLE = YES;
				MACOSX_DEPLOYMENT_TARGET = 10.6;
				ONLY_ACTIVE_ARCH = YES;
				SDKROOT = macosx;
			};
			name = Debug;
		};
		A9106012137D8624005E57AD /* Release */ = {
			isa = XCBuildConfiguration;
			buildSettings = {
				ARCHS = "$(ARCHS_STANDARD_32_64_BIT)";
				GCC_C_LANGUAGE_STANDARD = gnu99;
				GCC_VERSION = com.apple.compilers.llvm.clang.1_0;
				GCC_WARN_64_TO_32_BIT_CONVERSION = YES;
				GCC_WARN_ABOUT_RETURN_TYPE = YES;
				GCC_WARN_UNUSED_VARIABLE = YES;
				MACOSX_DEPLOYMENT_TARGET = 10.6;
				SDKROOT = macosx;
			};
			name = Release;
		};
		A9106014137D8624005E57AD /* Debug */ = {
			isa = XCBuildConfiguration;
			buildSettings = {
				ALWAYS_SEARCH_USER_PATHS = NO;
				COPY_PHASE_STRIP = NO;
				GCC_DYNAMIC_NO_PIC = NO;
				GCC_ENABLE_OBJC_EXCEPTIONS = YES;
				GCC_ENABLE_OBJC_GC = required;
				GCC_PRECOMPILE_PREFIX_HEADER = YES;
				GCC_PREFIX_HEADER = "VimAck/VimAck-Prefix.pch";
				INFOPLIST_FILE = "VimAck/VimAck-Info.plist";
				PRODUCT_NAME = "$(TARGET_NAME)";
				WRAPPER_EXTENSION = app;
			};
			name = Debug;
		};
		A9106015137D8624005E57AD /* Release */ = {
			isa = XCBuildConfiguration;
			buildSettings = {
				ALWAYS_SEARCH_USER_PATHS = NO;
				COPY_PHASE_STRIP = YES;
				DEBUG_INFORMATION_FORMAT = "dwarf-with-dsym";
				GCC_ENABLE_OBJC_EXCEPTIONS = YES;
				GCC_ENABLE_OBJC_GC = required;
				GCC_PRECOMPILE_PREFIX_HEADER = YES;
				GCC_PREFIX_HEADER = "VimAck/VimAck-Prefix.pch";
				INFOPLIST_FILE = "VimAck/VimAck-Info.plist";
				PRODUCT_NAME = "$(TARGET_NAME)";
				WRAPPER_EXTENSION = app;
			};
			name = Release;
		};
		A9106017137D8624005E57AD /* Debug */ = {
			isa = XCBuildConfiguration;
			buildSettings = {
			};
			name = Debug;
		};
		A9106018137D8624005E57AD /* Release */ = {
			isa = XCBuildConfiguration;
			buildSettings = {
			};
			name = Release;
		};
/* End XCBuildConfiguration section */

/* Begin XCConfigurationList section */
		A9105FF0137D8624005E57AD /* Build configuration list for PBXProject "VimAck" */ = {
			isa = XCConfigurationList;
			buildConfigurations = (
				A9106011137D8624005E57AD /* Debug */,
				A9106012137D8624005E57AD /* Release */,
			);
			defaultConfigurationIsVisible = 0;
			defaultConfigurationName = Release;
		};
		A9106013137D8624005E57AD /* Build configuration list for PBXNativeTarget "VimAck" */ = {
			isa = XCConfigurationList;
			buildConfigurations = (
				A9106014137D8624005E57AD /* Debug */,
				A9106015137D8624005E57AD /* Release */,
			);
			defaultConfigurationIsVisible = 0;
			defaultConfigurationName = Release;
		};
		A9106016137D8624005E57AD /* Build configuration list for PBXLegacyTarget "Deployment" */ = {
			isa = XCConfigurationList;
			buildConfigurations = (
				A9106017137D8624005E57AD /* Debug */,
				A9106018137D8624005E57AD /* Release */,
			);
			defaultConfigurationIsVisible = 0;
			defaultConfigurationName = Release;
		};
/* End XCConfigurationList section */
	};
	rootObject = A9105FED137D8624005E57AD /* Project object */;
}
